// !$*UTF8*$!
{
	archiveVersion = 1;
	classes = {
	};
	objectVersion = 46;
	objects = {

/* Begin PBXBuildFile section */
		462954F61AEA1F6D00B5CF4B /* ParkingLotFinder.m in Sources */ = {isa = PBXBuildFile; fileRef = 462954F51AEA1F6D00B5CF4B /* ParkingLotFinder.m */; };
		463D6F021ADDC51D0011A329 /* SpotConfirmViewController.m in Sources */ = {isa = PBXBuildFile; fileRef = 463D6F011ADDC51D0011A329 /* SpotConfirmViewController.m */; };
		4641635C1ADB3179004B75D0 /* AerialViewController.m in Sources */ = {isa = PBXBuildFile; fileRef = 4641635B1ADB3179004B75D0 /* AerialViewController.m */; };
		4641E4411AFC6D3E00E2FCC8 /* IntroPageViewController.m in Sources */ = {isa = PBXBuildFile; fileRef = 4641E4401AFC6D3E00E2FCC8 /* IntroPageViewController.m */; };
		4648C3E41AEA4834005811B7 /* ParkingLot.m in Sources */ = {isa = PBXBuildFile; fileRef = 4648C3E31AEA4834005811B7 /* ParkingLot.m */; };
		466856971AF534A200AF1504 /* ParkingLotTableViewCell.m in Sources */ = {isa = PBXBuildFile; fileRef = 466856961AF534A100AF1504 /* ParkingLotTableViewCell.m */; };
		46841DCB1AAD8DE500BB0BF1 /* HelloWorld_SAS.txt in Resources */ = {isa = PBXBuildFile; fileRef = 46841DAF1AAD8DE500BB0BF1 /* HelloWorld_SAS.txt */; };
		46841DCD1AAD8DE500BB0BF1 /* RemoteApplicationManager.m in Sources */ = {isa = PBXBuildFile; fileRef = 46841DB31AAD8DE500BB0BF1 /* RemoteApplicationManager.m */; };
		46841DCE1AAD8DE500BB0BF1 /* .project in Resources */ = {isa = PBXBuildFile; fileRef = 46841DB51AAD8DE500BB0BF1 /* .project */; };
		46841DCF1AAD8DE500BB0BF1 /* org.eclipse.core.resources.prefs in Resources */ = {isa = PBXBuildFile; fileRef = 46841DB71AAD8DE500BB0BF1 /* org.eclipse.core.resources.prefs */; };
		46841DD21AAD8DE500BB0BF1 /* HelloWorldAppIcon_appswitcher.png in Resources */ = {isa = PBXBuildFile; fileRef = 46841DBC1AAD8DE500BB0BF1 /* HelloWorldAppIcon_appswitcher.png */; };
		46841DD51AAD8DE500BB0BF1 /* FA28E2F2-ACBE-4A8C-8A9B-CC8EB3472F7A.json in Resources */ = {isa = PBXBuildFile; fileRef = 46841DC51AAD8DE500BB0BF1 /* FA28E2F2-ACBE-4A8C-8A9B-CC8EB3472F7A.json */; };
		46841DD91AAD8DE500BB0BF1 /* FA28E2F2-ACBE-4A8C-8A9B-CC8EB3472F7A.png in Resources */ = {isa = PBXBuildFile; fileRef = 46841DCA1AAD8DE500BB0BF1 /* FA28E2F2-ACBE-4A8C-8A9B-CC8EB3472F7A.png */; };
		46841DDB1AAD8E8F00BB0BF1 /* BMWAppKitResources.bundle in Resources */ = {isa = PBXBuildFile; fileRef = 46841DDA1AAD8E8F00BB0BF1 /* BMWAppKitResources.bundle */; };
		46841DDD1AAD8E9A00BB0BF1 /* BMWAppKit.framework in Frameworks */ = {isa = PBXBuildFile; fileRef = 46841DDC1AAD8E9A00BB0BF1 /* BMWAppKit.framework */; };
		46841DE91AAD8FA400BB0BF1 /* SpeechDisplayViewController.m in Sources */ = {isa = PBXBuildFile; fileRef = 46841DE71AAD8FA400BB0BF1 /* SpeechDisplayViewController.m */; };
		46841DEE1AAD91C900BB0BF1 /* LoggerClient.m in Sources */ = {isa = PBXBuildFile; fileRef = 46841DEC1AAD91C900BB0BF1 /* LoggerClient.m */; };
		46841DF21AAD91EC00BB0BF1 /* IDNSLoggerAppender.m in Sources */ = {isa = PBXBuildFile; fileRef = 46841DF11AAD91EC00BB0BF1 /* IDNSLoggerAppender.m */; };
		46AA69F11ADBB9E9009E0583 /* DroneController.m in Sources */ = {isa = PBXBuildFile; fileRef = 46AA69F01ADBB9E9009E0583 /* DroneController.m */; };
		46CC895D1ABB1100009339BC /* ConnectedDroneHmiProvider.m in Sources */ = {isa = PBXBuildFile; fileRef = 46CC89591ABB1100009339BC /* ConnectedDroneHmiProvider.m */; };
		46CC89621ABB11F0009339BC /* BMWFindParkingView.m in Sources */ = {isa = PBXBuildFile; fileRef = 46CC89611ABB11F0009339BC /* BMWFindParkingView.m */; };
		46CC89661ABB11FB009339BC /* ConnectedDrone_common_Images.zip in Resources */ = {isa = PBXBuildFile; fileRef = 46CC89631ABB11FB009339BC /* ConnectedDrone_common_Images.zip */; };
		46CC89671ABB11FB009339BC /* ConnectedDrone_HMI.xml in Resources */ = {isa = PBXBuildFile; fileRef = 46CC89641ABB11FB009339BC /* ConnectedDrone_HMI.xml */; };
		46CC89681ABB11FB009339BC /* ConnectedDrone.plist in Resources */ = {isa = PBXBuildFile; fileRef = 46CC89651ABB11FB009339BC /* ConnectedDrone.plist */; };
		46CC896B1ABB14AE009339BC /* BMWConnectedDroneDataSource.m in Sources */ = {isa = PBXBuildFile; fileRef = 46CC896A1ABB14AE009339BC /* BMWConnectedDroneDataSource.m */; };
		46CC896D1ABB160A009339BC /* BMWConnectedDroneViewController.m in Sources */ = {isa = PBXBuildFile; fileRef = 46CC896C1ABB160A009339BC /* BMWConnectedDroneViewController.m */; };
		46E4D37A1AAD859900C94072 /* libc++.dylib in Frameworks */ = {isa = PBXBuildFile; fileRef = 46E4D3341AAD859900C94072 /* libc++.dylib */; };
		46E4D37D1AAD859900C94072 /* libz.dylib in Frameworks */ = {isa = PBXBuildFile; fileRef = 46E4D36C1AAD859900C94072 /* libz.dylib */; };
		46E4D37E1AAD859900C94072 /* SystemConfiguration.framework in Frameworks */ = {isa = PBXBuildFile; fileRef = 46E4D36D1AAD859900C94072 /* SystemConfiguration.framework */; };
		46E4D37F1AAD859900C94072 /* CFNetwork.framework in Frameworks */ = {isa = PBXBuildFile; fileRef = 46E4D36E1AAD859900C94072 /* CFNetwork.framework */; };
		46E4D3801AAD859900C94072 /* MediaPlayer.framework in Frameworks */ = {isa = PBXBuildFile; fileRef = 46E4D36F1AAD859900C94072 /* MediaPlayer.framework */; };
		46E4D3811AAD859900C94072 /* Security.framework in Frameworks */ = {isa = PBXBuildFile; fileRef = 46E4D3701AAD859900C94072 /* Security.framework */; };
		46E4D3821AAD859900C94072 /* AudioToolbox.framework in Frameworks */ = {isa = PBXBuildFile; fileRef = 46E4D3711AAD859900C94072 /* AudioToolbox.framework */; };
		46E4D3831AAD859900C94072 /* AVFoundation.framework in Frameworks */ = {isa = PBXBuildFile; fileRef = 46E4D3721AAD859900C94072 /* AVFoundation.framework */; };
		46E4D3841AAD859900C94072 /* ExternalAccessory.framework in Frameworks */ = {isa = PBXBuildFile; fileRef = 46E4D3731AAD859900C94072 /* ExternalAccessory.framework */; };
		46E4D3851AAD859900C94072 /* CoreTelephony.framework in Frameworks */ = {isa = PBXBuildFile; fileRef = 46E4D3741AAD859900C94072 /* CoreTelephony.framework */; };
		46E4D3861AAD859900C94072 /* UIKit.framework in Frameworks */ = {isa = PBXBuildFile; fileRef = 46E4D3751AAD859900C94072 /* UIKit.framework */; };
		46E4D3871AAD859900C94072 /* Foundation.framework in Frameworks */ = {isa = PBXBuildFile; fileRef = 46E4D3761AAD859900C94072 /* Foundation.framework */; };
		46E4D3881AAD859900C94072 /* CoreGraphics.framework in Frameworks */ = {isa = PBXBuildFile; fileRef = 46E4D3771AAD859900C94072 /* CoreGraphics.framework */; };
		46E4D3891AAD859900C94072 /* ImageIO.framework in Frameworks */ = {isa = PBXBuildFile; fileRef = 46E4D3781AAD859900C94072 /* ImageIO.framework */; };
		46E4D38A1AAD859900C94072 /* MobileCoreServices.framework in Frameworks */ = {isa = PBXBuildFile; fileRef = 46E4D3791AAD859900C94072 /* MobileCoreServices.framework */; };
		A600578D1AB163EB00BA64BF /* SiriMicrophone.png in Resources */ = {isa = PBXBuildFile; fileRef = A600578C1AB163EB00BA64BF /* SiriMicrophone.png */; };
		A60057901AB169B200BA64BF /* SpeechController.m in Sources */ = {isa = PBXBuildFile; fileRef = A600578F1AB169B200BA64BF /* SpeechController.m */; };
		A61493F81AFB246E0020F616 /* CoordinatePointTuple.m in Sources */ = {isa = PBXBuildFile; fileRef = A61493F71AFB246E0020F616 /* CoordinatePointTuple.m */; };
		A61493FB1AFC1CEC0020F616 /* DJISDK.framework in Frameworks */ = {isa = PBXBuildFile; fileRef = A61493F91AFC1C9A0020F616 /* DJISDK.framework */; };
		A62B4B551AFC1EF30016ED09 /* libstdc++.6.0.9.dylib in Frameworks */ = {isa = PBXBuildFile; fileRef = A62B4B541AFC1EF30016ED09 /* libstdc++.6.0.9.dylib */; };
		A62B4B5B1AFC71280016ED09 /* TransparentTouchView.mm in Sources */ = {isa = PBXBuildFile; fileRef = A62B4B5A1AFC71280016ED09 /* TransparentTouchView.mm */; };
		A65391491AEDFCE100EA296A /* NearbyParkingTableViewController.m in Sources */ = {isa = PBXBuildFile; fileRef = A65391481AEDFCE100EA296A /* NearbyParkingTableViewController.m */; };
		A653914D1AEE00C800EA296A /* parking-icon.png in Resources */ = {isa = PBXBuildFile; fileRef = A653914C1AEE00C800EA296A /* parking-icon.png */; };
		A66415611AF9448000135A7D /* DJIDroneHelper.m in Sources */ = {isa = PBXBuildFile; fileRef = A66415601AF9448000135A7D /* DJIDroneHelper.m */; };
		A6F4EF2A1AAD17D500C81065 /* main.m in Sources */ = {isa = PBXBuildFile; fileRef = A6F4EF291AAD17D500C81065 /* main.m */; };
		A6F4EF2D1AAD17D500C81065 /* AppDelegate.m in Sources */ = {isa = PBXBuildFile; fileRef = A6F4EF2C1AAD17D500C81065 /* AppDelegate.m */; };
		A6F4EF331AAD17D500C81065 /* Main.storyboard in Resources */ = {isa = PBXBuildFile; fileRef = A6F4EF311AAD17D500C81065 /* Main.storyboard */; };
		A6F4EF351AAD17D500C81065 /* Images.xcassets in Resources */ = {isa = PBXBuildFile; fileRef = A6F4EF341AAD17D500C81065 /* Images.xcassets */; };
		A6F4EF381AAD17D500C81065 /* LaunchScreen.xib in Resources */ = {isa = PBXBuildFile; fileRef = A6F4EF361AAD17D500C81065 /* LaunchScreen.xib */; };
		A6F4EF441AAD17D500C81065 /* droneControlTests.m in Sources */ = {isa = PBXBuildFile; fileRef = A6F4EF431AAD17D500C81065 /* droneControlTests.m */; };
		A6F4EF4E1AAD3EA300C81065 /* OpenEars.framework in Frameworks */ = {isa = PBXBuildFile; fileRef = A6F4EF4D1AAD3EA300C81065 /* OpenEars.framework */; };
		A6F4EF501AAD416900C81065 /* Slt.framework in Frameworks */ = {isa = PBXBuildFile; fileRef = A6F4EF4F1AAD416900C81065 /* Slt.framework */; };
		A6F4EF521AAD417200C81065 /* AcousticModelEnglish.bundle in Resources */ = {isa = PBXBuildFile; fileRef = A6F4EF511AAD417200C81065 /* AcousticModelEnglish.bundle */; };
		D9D648D71ADDAB0400459A16 /* libavcodec.a in Frameworks */ = {isa = PBXBuildFile; fileRef = D9D648C61ADDAB0400459A16 /* libavcodec.a */; };
		D9D648D81ADDAB0400459A16 /* libavdevice.a in Frameworks */ = {isa = PBXBuildFile; fileRef = D9D648C71ADDAB0400459A16 /* libavdevice.a */; };
		D9D648D91ADDAB0400459A16 /* libavfilter.a in Frameworks */ = {isa = PBXBuildFile; fileRef = D9D648C81ADDAB0400459A16 /* libavfilter.a */; };
		D9D648DA1ADDAB0400459A16 /* libavformat.a in Frameworks */ = {isa = PBXBuildFile; fileRef = D9D648C91ADDAB0400459A16 /* libavformat.a */; };
		D9D648DB1ADDAB0400459A16 /* libavresample.a in Frameworks */ = {isa = PBXBuildFile; fileRef = D9D648CA1ADDAB0400459A16 /* libavresample.a */; };
		D9D648DC1ADDAB0400459A16 /* libavutil.a in Frameworks */ = {isa = PBXBuildFile; fileRef = D9D648CB1ADDAB0400459A16 /* libavutil.a */; };
		D9D648DD1ADDAB0400459A16 /* libpostproc.a in Frameworks */ = {isa = PBXBuildFile; fileRef = D9D648CC1ADDAB0400459A16 /* libpostproc.a */; };
		D9D648DE1ADDAB0400459A16 /* libswresample.a in Frameworks */ = {isa = PBXBuildFile; fileRef = D9D648CD1ADDAB0400459A16 /* libswresample.a */; };
		D9D648DF1ADDAB0400459A16 /* libswscale.a in Frameworks */ = {isa = PBXBuildFile; fileRef = D9D648CE1ADDAB0400459A16 /* libswscale.a */; };
		D9D648E01ADDAB0400459A16 /* MovieGLView.m in Sources */ = {isa = PBXBuildFile; fileRef = D9D648D01ADDAB0400459A16 /* MovieGLView.m */; };
		D9D648E11ADDAB0400459A16 /* VideoFrameExtractor.m in Sources */ = {isa = PBXBuildFile; fileRef = D9D648D21ADDAB0400459A16 /* VideoFrameExtractor.m */; };
		D9D648E21ADDAB0400459A16 /* VideoPreviewer.m in Sources */ = {isa = PBXBuildFile; fileRef = D9D648D41ADDAB0400459A16 /* VideoPreviewer.m */; };
		D9FCDA551ADD8F6500D91DB7 /* DJICameraViewController.mm in Sources */ = {isa = PBXBuildFile; fileRef = D9FCDA521ADD8F6500D91DB7 /* DJICameraViewController.mm */; };
		D9FCDA561ADD8F6500D91DB7 /* DJICameraViewController.xib in Resources */ = {isa = PBXBuildFile; fileRef = D9FCDA541ADD8F6500D91DB7 /* DJICameraViewController.xib */; };
		D9FCDA5A1ADD906400D91DB7 /* libiconv.dylib in Frameworks */ = {isa = PBXBuildFile; fileRef = D9FCDA591ADD906400D91DB7 /* libiconv.dylib */; };
/* End PBXBuildFile section */

/* Begin PBXContainerItemProxy section */
		A6F4EF3E1AAD17D500C81065 /* PBXContainerItemProxy */ = {
			isa = PBXContainerItemProxy;
			containerPortal = A6F4EF1C1AAD17D500C81065 /* Project object */;
			proxyType = 1;
			remoteGlobalIDString = A6F4EF231AAD17D500C81065;
			remoteInfo = droneControl;
		};
/* End PBXContainerItemProxy section */

/* Begin PBXFileReference section */
		462954F41AEA1F5A00B5CF4B /* ParkingLotFinder.h */ = {isa = PBXFileReference; lastKnownFileType = sourcecode.c.h; path = ParkingLotFinder.h; sourceTree = "<group>"; };
		462954F51AEA1F6D00B5CF4B /* ParkingLotFinder.m */ = {isa = PBXFileReference; fileEncoding = 4; lastKnownFileType = sourcecode.c.objc; path = ParkingLotFinder.m; sourceTree = "<group>"; };
		463D6F011ADDC51D0011A329 /* SpotConfirmViewController.m */ = {isa = PBXFileReference; fileEncoding = 4; lastKnownFileType = sourcecode.c.objc; path = SpotConfirmViewController.m; sourceTree = "<group>"; };
		463D6F031ADDC5540011A329 /* SpotConfirmViewController.h */ = {isa = PBXFileReference; lastKnownFileType = sourcecode.c.h; path = SpotConfirmViewController.h; sourceTree = "<group>"; };
		4641635B1ADB3179004B75D0 /* AerialViewController.m */ = {isa = PBXFileReference; fileEncoding = 4; lastKnownFileType = sourcecode.c.objc; path = AerialViewController.m; sourceTree = "<group>"; };
		4641635D1ADB31C1004B75D0 /* AerialViewController.h */ = {isa = PBXFileReference; lastKnownFileType = sourcecode.c.h; path = AerialViewController.h; sourceTree = "<group>"; };
		4641E43F1AFC6D2A00E2FCC8 /* IntroPageViewController.h */ = {isa = PBXFileReference; lastKnownFileType = sourcecode.c.h; path = IntroPageViewController.h; sourceTree = "<group>"; };
		4641E4401AFC6D3E00E2FCC8 /* IntroPageViewController.m */ = {isa = PBXFileReference; fileEncoding = 4; lastKnownFileType = sourcecode.c.objc; path = IntroPageViewController.m; sourceTree = "<group>"; };
		4648C3E21AEA47DD005811B7 /* ParkingLot.h */ = {isa = PBXFileReference; lastKnownFileType = sourcecode.c.h; path = ParkingLot.h; sourceTree = "<group>"; };
		4648C3E31AEA4834005811B7 /* ParkingLot.m */ = {isa = PBXFileReference; fileEncoding = 4; lastKnownFileType = sourcecode.c.objc; path = ParkingLot.m; sourceTree = "<group>"; };
		466856961AF534A100AF1504 /* ParkingLotTableViewCell.m */ = {isa = PBXFileReference; fileEncoding = 4; lastKnownFileType = sourcecode.c.objc; path = ParkingLotTableViewCell.m; sourceTree = "<group>"; };
		466856981AF5352800AF1504 /* ParkingLotTableViewCell.h */ = {isa = PBXFileReference; lastKnownFileType = sourcecode.c.h; path = ParkingLotTableViewCell.h; sourceTree = "<group>"; };
		46841DAF1AAD8DE500BB0BF1 /* HelloWorld_SAS.txt */ = {isa = PBXFileReference; fileEncoding = 4; lastKnownFileType = text; path = HelloWorld_SAS.txt; sourceTree = "<group>"; };
		46841DB21AAD8DE500BB0BF1 /* RemoteApplicationManager.h */ = {isa = PBXFileReference; fileEncoding = 4; lastKnownFileType = sourcecode.c.h; path = RemoteApplicationManager.h; sourceTree = "<group>"; };
		46841DB31AAD8DE500BB0BF1 /* RemoteApplicationManager.m */ = {isa = PBXFileReference; fileEncoding = 4; lastKnownFileType = sourcecode.c.objc; path = RemoteApplicationManager.m; sourceTree = "<group>"; };
		46841DB51AAD8DE500BB0BF1 /* .project */ = {isa = PBXFileReference; fileEncoding = 4; lastKnownFileType = text.xml; path = .project; sourceTree = "<group>"; };
		46841DB71AAD8DE500BB0BF1 /* org.eclipse.core.resources.prefs */ = {isa = PBXFileReference; fileEncoding = 4; lastKnownFileType = text; path = org.eclipse.core.resources.prefs; sourceTree = "<group>"; };
		46841DBC1AAD8DE500BB0BF1 /* HelloWorldAppIcon_appswitcher.png */ = {isa = PBXFileReference; lastKnownFileType = image.png; path = HelloWorldAppIcon_appswitcher.png; sourceTree = "<group>"; };
		46841DC51AAD8DE500BB0BF1 /* FA28E2F2-ACBE-4A8C-8A9B-CC8EB3472F7A.json */ = {isa = PBXFileReference; fileEncoding = 4; lastKnownFileType = text.json; path = "FA28E2F2-ACBE-4A8C-8A9B-CC8EB3472F7A.json"; sourceTree = "<group>"; };
		46841DCA1AAD8DE500BB0BF1 /* FA28E2F2-ACBE-4A8C-8A9B-CC8EB3472F7A.png */ = {isa = PBXFileReference; lastKnownFileType = image.png; path = "FA28E2F2-ACBE-4A8C-8A9B-CC8EB3472F7A.png"; sourceTree = "<group>"; };
		46841DDA1AAD8E8F00BB0BF1 /* BMWAppKitResources.bundle */ = {isa = PBXFileReference; lastKnownFileType = "wrapper.plug-in"; path = BMWAppKitResources.bundle; sourceTree = "<group>"; };
		46841DDC1AAD8E9A00BB0BF1 /* BMWAppKit.framework */ = {isa = PBXFileReference; lastKnownFileType = wrapper.framework; path = BMWAppKit.framework; sourceTree = "<group>"; };
		46841DE31AAD8F6A00BB0BF1 /* LastUserModeDelegate.h */ = {isa = PBXFileReference; lastKnownFileType = sourcecode.c.h; path = LastUserModeDelegate.h; sourceTree = "<group>"; };
		46841DE61AAD8FA400BB0BF1 /* SpeechDisplayViewController.h */ = {isa = PBXFileReference; fileEncoding = 4; lastKnownFileType = sourcecode.c.h; name = SpeechDisplayViewController.h; path = ../BMW/SpeechDisplayViewController.h; sourceTree = "<group>"; };
		46841DE71AAD8FA400BB0BF1 /* SpeechDisplayViewController.m */ = {isa = PBXFileReference; fileEncoding = 4; lastKnownFileType = sourcecode.c.objc; name = SpeechDisplayViewController.m; path = ../BMW/SpeechDisplayViewController.m; sourceTree = "<group>"; };
		46841DEB1AAD91C900BB0BF1 /* LoggerClient.h */ = {isa = PBXFileReference; fileEncoding = 4; lastKnownFileType = sourcecode.c.h; path = LoggerClient.h; sourceTree = "<group>"; };
		46841DEC1AAD91C900BB0BF1 /* LoggerClient.m */ = {isa = PBXFileReference; fileEncoding = 4; lastKnownFileType = sourcecode.c.objc; path = LoggerClient.m; sourceTree = "<group>"; };
		46841DED1AAD91C900BB0BF1 /* LoggerCommon.h */ = {isa = PBXFileReference; fileEncoding = 4; lastKnownFileType = sourcecode.c.h; path = LoggerCommon.h; sourceTree = "<group>"; };
		46841DF01AAD91EC00BB0BF1 /* IDNSLoggerAppender.h */ = {isa = PBXFileReference; fileEncoding = 4; lastKnownFileType = sourcecode.c.h; path = IDNSLoggerAppender.h; sourceTree = "<group>"; };
		46841DF11AAD91EC00BB0BF1 /* IDNSLoggerAppender.m */ = {isa = PBXFileReference; fileEncoding = 4; lastKnownFileType = sourcecode.c.objc; path = IDNSLoggerAppender.m; sourceTree = "<group>"; };
		46841DF31AAD94C800BB0BF1 /* HelloWorld-Prefix.pch */ = {isa = PBXFileReference; lastKnownFileType = sourcecode.c.h; path = "HelloWorld-Prefix.pch"; sourceTree = "<group>"; };
		46AA69EF1ADBB9D4009E0583 /* DroneController.h */ = {isa = PBXFileReference; lastKnownFileType = sourcecode.c.h; path = DroneController.h; sourceTree = "<group>"; };
		46AA69F01ADBB9E9009E0583 /* DroneController.m */ = {isa = PBXFileReference; fileEncoding = 4; lastKnownFileType = sourcecode.c.objc; path = DroneController.m; sourceTree = "<group>"; };
		46CC89581ABB1100009339BC /* ConnectedDroneHmiProvider.h */ = {isa = PBXFileReference; fileEncoding = 4; lastKnownFileType = sourcecode.c.h; path = ConnectedDroneHmiProvider.h; sourceTree = "<group>"; };
		46CC89591ABB1100009339BC /* ConnectedDroneHmiProvider.m */ = {isa = PBXFileReference; fileEncoding = 4; lastKnownFileType = sourcecode.c.objc; path = ConnectedDroneHmiProvider.m; sourceTree = "<group>"; };
		46CC895A1ABB1100009339BC /* ConnectedDroneIdentifiers.h */ = {isa = PBXFileReference; fileEncoding = 4; lastKnownFileType = sourcecode.c.h; path = ConnectedDroneIdentifiers.h; sourceTree = "<group>"; };
		46CC895F1ABB117E009339BC /* BMWConnectedDroneViewController.h */ = {isa = PBXFileReference; lastKnownFileType = sourcecode.c.h; path = BMWConnectedDroneViewController.h; sourceTree = "<group>"; };
		46CC89601ABB11F0009339BC /* BMWFindParkingView.h */ = {isa = PBXFileReference; fileEncoding = 4; lastKnownFileType = sourcecode.c.h; path = BMWFindParkingView.h; sourceTree = "<group>"; };
		46CC89611ABB11F0009339BC /* BMWFindParkingView.m */ = {isa = PBXFileReference; fileEncoding = 4; lastKnownFileType = sourcecode.c.objc; path = BMWFindParkingView.m; sourceTree = "<group>"; };
		46CC89631ABB11FB009339BC /* ConnectedDrone_common_Images.zip */ = {isa = PBXFileReference; lastKnownFileType = archive.zip; path = ConnectedDrone_common_Images.zip; sourceTree = "<group>"; };
		46CC89641ABB11FB009339BC /* ConnectedDrone_HMI.xml */ = {isa = PBXFileReference; fileEncoding = 4; lastKnownFileType = text.xml; path = ConnectedDrone_HMI.xml; sourceTree = "<group>"; };
		46CC89651ABB11FB009339BC /* ConnectedDrone.plist */ = {isa = PBXFileReference; fileEncoding = 4; lastKnownFileType = text.plist.xml; path = ConnectedDrone.plist; sourceTree = "<group>"; };
		46CC89691ABB1491009339BC /* BMWConnectedDroneDataSource.h */ = {isa = PBXFileReference; lastKnownFileType = sourcecode.c.h; path = BMWConnectedDroneDataSource.h; sourceTree = "<group>"; };
		46CC896A1ABB14AE009339BC /* BMWConnectedDroneDataSource.m */ = {isa = PBXFileReference; fileEncoding = 4; lastKnownFileType = sourcecode.c.objc; path = BMWConnectedDroneDataSource.m; sourceTree = "<group>"; };
		46CC896C1ABB160A009339BC /* BMWConnectedDroneViewController.m */ = {isa = PBXFileReference; fileEncoding = 4; lastKnownFileType = sourcecode.c.objc; path = BMWConnectedDroneViewController.m; sourceTree = "<group>"; };
		46E4D3341AAD859900C94072 /* libc++.dylib */ = {isa = PBXFileReference; lastKnownFileType = "compiled.mach-o.dylib"; name = "libc++.dylib"; path = "usr/lib/libc++.dylib"; sourceTree = SDKROOT; };
		46E4D3391AAD859900C94072 /* CDSPropertyDefines.h */ = {isa = PBXFileReference; fileEncoding = 4; lastKnownFileType = sourcecode.c.h; path = CDSPropertyDefines.h; sourceTree = "<group>"; };
		46E4D33A1AAD859900C94072 /* CDSPropertyDefinesControls.h */ = {isa = PBXFileReference; fileEncoding = 4; lastKnownFileType = sourcecode.c.h; path = CDSPropertyDefinesControls.h; sourceTree = "<group>"; };
		46E4D33B1AAD859900C94072 /* CDSPropertyDefinesDriving.h */ = {isa = PBXFileReference; fileEncoding = 4; lastKnownFileType = sourcecode.c.h; path = CDSPropertyDefinesDriving.h; sourceTree = "<group>"; };
		46E4D33C1AAD859900C94072 /* CDSPropertyDefinesEngine.h */ = {isa = PBXFileReference; fileEncoding = 4; lastKnownFileType = sourcecode.c.h; path = CDSPropertyDefinesEngine.h; sourceTree = "<group>"; };
		46E4D33D1AAD859900C94072 /* CDSPropertyDefinesEntertainment.h */ = {isa = PBXFileReference; fileEncoding = 4; lastKnownFileType = sourcecode.c.h; path = CDSPropertyDefinesEntertainment.h; sourceTree = "<group>"; };
		46E4D33E1AAD859900C94072 /* CDSPropertyDefinesNavigation.h */ = {isa = PBXFileReference; fileEncoding = 4; lastKnownFileType = sourcecode.c.h; path = CDSPropertyDefinesNavigation.h; sourceTree = "<group>"; };
		46E4D33F1AAD859900C94072 /* CDSPropertyDefinesSensors.h */ = {isa = PBXFileReference; fileEncoding = 4; lastKnownFileType = sourcecode.c.h; path = CDSPropertyDefinesSensors.h; sourceTree = "<group>"; };
		46E4D3401AAD859900C94072 /* CDSPropertyDefinesVehicle.h */ = {isa = PBXFileReference; fileEncoding = 4; lastKnownFileType = sourcecode.c.h; path = CDSPropertyDefinesVehicle.h; sourceTree = "<group>"; };
		46E4D3411AAD859900C94072 /* IDAccessoryMonitor.h */ = {isa = PBXFileReference; fileEncoding = 4; lastKnownFileType = sourcecode.c.h; path = IDAccessoryMonitor.h; sourceTree = "<group>"; };
		46E4D3421AAD859900C94072 /* IDApplication.h */ = {isa = PBXFileReference; fileEncoding = 4; lastKnownFileType = sourcecode.c.h; path = IDApplication.h; sourceTree = "<group>"; };
		46E4D3431AAD859900C94072 /* IDAudioService.h */ = {isa = PBXFileReference; fileEncoding = 4; lastKnownFileType = sourcecode.c.h; path = IDAudioService.h; sourceTree = "<group>"; };
		46E4D3441AAD859900C94072 /* IDAudioServiceConstants.h */ = {isa = PBXFileReference; fileEncoding = 4; lastKnownFileType = sourcecode.c.h; path = IDAudioServiceConstants.h; sourceTree = "<group>"; };
		46E4D3451AAD859900C94072 /* IDButton.h */ = {isa = PBXFileReference; fileEncoding = 4; lastKnownFileType = sourcecode.c.h; path = IDButton.h; sourceTree = "<group>"; };
		46E4D3461AAD859900C94072 /* IDCdsService.h */ = {isa = PBXFileReference; fileEncoding = 4; lastKnownFileType = sourcecode.c.h; path = IDCdsService.h; sourceTree = "<group>"; };
		46E4D3471AAD859900C94072 /* IDCheckbox.h */ = {isa = PBXFileReference; fileEncoding = 4; lastKnownFileType = sourcecode.c.h; path = IDCheckbox.h; sourceTree = "<group>"; };
		46E4D3481AAD859900C94072 /* IDDateGauge.h */ = {isa = PBXFileReference; fileEncoding = 4; lastKnownFileType = sourcecode.c.h; path = IDDateGauge.h; sourceTree = "<group>"; };
		46E4D3491AAD859900C94072 /* IDEventTypes.h */ = {isa = PBXFileReference; fileEncoding = 4; lastKnownFileType = sourcecode.c.h; path = IDEventTypes.h; sourceTree = "<group>"; };
		46E4D34A1AAD859900C94072 /* IDFilterButton.h */ = {isa = PBXFileReference; fileEncoding = 4; lastKnownFileType = sourcecode.c.h; path = IDFilterButton.h; sourceTree = "<group>"; };
		46E4D34B1AAD859900C94072 /* IDFlushProtocol.h */ = {isa = PBXFileReference; fileEncoding = 4; lastKnownFileType = sourcecode.c.h; path = IDFlushProtocol.h; sourceTree = "<group>"; };
		46E4D34C1AAD859900C94072 /* IDGauge.h */ = {isa = PBXFileReference; fileEncoding = 4; lastKnownFileType = sourcecode.c.h; path = IDGauge.h; sourceTree = "<group>"; };
		46E4D34D1AAD859900C94072 /* IDHmiProvider.h */ = {isa = PBXFileReference; fileEncoding = 4; lastKnownFileType = sourcecode.c.h; path = IDHmiProvider.h; sourceTree = "<group>"; };
		46E4D34E1AAD859900C94072 /* IDHmiService.h */ = {isa = PBXFileReference; fileEncoding = 4; lastKnownFileType = sourcecode.c.h; path = IDHmiService.h; sourceTree = "<group>"; };
		46E4D34F1AAD859900C94072 /* IDImage.h */ = {isa = PBXFileReference; fileEncoding = 4; lastKnownFileType = sourcecode.c.h; path = IDImage.h; sourceTree = "<group>"; };
		46E4D3501AAD859900C94072 /* IDImageData.h */ = {isa = PBXFileReference; fileEncoding = 4; lastKnownFileType = sourcecode.c.h; path = IDImageData.h; sourceTree = "<group>"; };
		46E4D3511AAD859900C94072 /* IDIntegerGauge.h */ = {isa = PBXFileReference; fileEncoding = 4; lastKnownFileType = sourcecode.c.h; path = IDIntegerGauge.h; sourceTree = "<group>"; };
		46E4D3521AAD859900C94072 /* IDLabel.h */ = {isa = PBXFileReference; fileEncoding = 4; lastKnownFileType = sourcecode.c.h; path = IDLabel.h; sourceTree = "<group>"; };
		46E4D3531AAD859900C94072 /* IDLogger.h */ = {isa = PBXFileReference; fileEncoding = 4; lastKnownFileType = sourcecode.c.h; path = IDLogger.h; sourceTree = "<group>"; };
		46E4D3541AAD859900C94072 /* IDModel.h */ = {isa = PBXFileReference; fileEncoding = 4; lastKnownFileType = sourcecode.c.h; path = IDModel.h; sourceTree = "<group>"; };
		46E4D3551AAD859900C94072 /* IDMultimediaInfo.h */ = {isa = PBXFileReference; fileEncoding = 4; lastKnownFileType = sourcecode.c.h; path = IDMultimediaInfo.h; sourceTree = "<group>"; };
		46E4D3561AAD859900C94072 /* IDParameterTypes.h */ = {isa = PBXFileReference; fileEncoding = 4; lastKnownFileType = sourcecode.c.h; path = IDParameterTypes.h; sourceTree = "<group>"; };
		46E4D3571AAD859900C94072 /* IDPopupView.h */ = {isa = PBXFileReference; fileEncoding = 4; lastKnownFileType = sourcecode.c.h; path = IDPopupView.h; sourceTree = "<group>"; };
		46E4D3581AAD859900C94072 /* IDPropertyTypes.h */ = {isa = PBXFileReference; fileEncoding = 4; lastKnownFileType = sourcecode.c.h; path = IDPropertyTypes.h; sourceTree = "<group>"; };
		46E4D3591AAD859900C94072 /* IDService.h */ = {isa = PBXFileReference; fileEncoding = 4; lastKnownFileType = sourcecode.c.h; path = IDService.h; sourceTree = "<group>"; };
		46E4D35A1AAD859900C94072 /* IDSpeller.h */ = {isa = PBXFileReference; fileEncoding = 4; lastKnownFileType = sourcecode.c.h; path = IDSpeller.h; sourceTree = "<group>"; };
		46E4D35B1AAD859900C94072 /* IDStatusBar.h */ = {isa = PBXFileReference; fileEncoding = 4; lastKnownFileType = sourcecode.c.h; path = IDStatusBar.h; sourceTree = "<group>"; };
		46E4D35C1AAD859900C94072 /* IDTable.h */ = {isa = PBXFileReference; fileEncoding = 4; lastKnownFileType = sourcecode.c.h; path = IDTable.h; sourceTree = "<group>"; };
		46E4D35D1AAD859900C94072 /* IDTableCell.h */ = {isa = PBXFileReference; fileEncoding = 4; lastKnownFileType = sourcecode.c.h; path = IDTableCell.h; sourceTree = "<group>"; };
		46E4D35E1AAD859900C94072 /* IDTableData.h */ = {isa = PBXFileReference; fileEncoding = 4; lastKnownFileType = sourcecode.c.h; path = IDTableData.h; sourceTree = "<group>"; };
		46E4D35F1AAD859900C94072 /* IDTableLocation.h */ = {isa = PBXFileReference; fileEncoding = 4; lastKnownFileType = sourcecode.c.h; path = IDTableLocation.h; sourceTree = "<group>"; };
		46E4D3601AAD859900C94072 /* IDTableRow.h */ = {isa = PBXFileReference; fileEncoding = 4; lastKnownFileType = sourcecode.c.h; path = IDTableRow.h; sourceTree = "<group>"; };
		46E4D3611AAD859900C94072 /* IDTimeGauge.h */ = {isa = PBXFileReference; fileEncoding = 4; lastKnownFileType = sourcecode.c.h; path = IDTimeGauge.h; sourceTree = "<group>"; };
		46E4D3621AAD859900C94072 /* IDToolbarButton.h */ = {isa = PBXFileReference; fileEncoding = 4; lastKnownFileType = sourcecode.c.h; path = IDToolbarButton.h; sourceTree = "<group>"; };
		46E4D3631AAD859900C94072 /* IDVariantData.h */ = {isa = PBXFileReference; fileEncoding = 4; lastKnownFileType = sourcecode.c.h; path = IDVariantData.h; sourceTree = "<group>"; };
		46E4D3641AAD859900C94072 /* IDVariantMap.h */ = {isa = PBXFileReference; fileEncoding = 4; lastKnownFileType = sourcecode.c.h; path = IDVariantMap.h; sourceTree = "<group>"; };
		46E4D3651AAD859900C94072 /* IDVehicleInfo.h */ = {isa = PBXFileReference; fileEncoding = 4; lastKnownFileType = sourcecode.c.h; path = IDVehicleInfo.h; sourceTree = "<group>"; };
		46E4D3661AAD859900C94072 /* IDVersion.h */ = {isa = PBXFileReference; fileEncoding = 4; lastKnownFileType = sourcecode.c.h; path = IDVersion.h; sourceTree = "<group>"; };
		46E4D3671AAD859900C94072 /* IDVersionInfo.h */ = {isa = PBXFileReference; fileEncoding = 4; lastKnownFileType = sourcecode.c.h; path = IDVersionInfo.h; sourceTree = "<group>"; };
		46E4D3681AAD859900C94072 /* IDView.h */ = {isa = PBXFileReference; fileEncoding = 4; lastKnownFileType = sourcecode.c.h; path = IDView.h; sourceTree = "<group>"; };
		46E4D3691AAD859900C94072 /* IDWidget.h */ = {isa = PBXFileReference; fileEncoding = 4; lastKnownFileType = sourcecode.c.h; path = IDWidget.h; sourceTree = "<group>"; };
		46E4D36A1AAD859900C94072 /* IDWidgetConstants.h */ = {isa = PBXFileReference; fileEncoding = 4; lastKnownFileType = sourcecode.c.h; path = IDWidgetConstants.h; sourceTree = "<group>"; };
		46E4D36B1AAD859900C94072 /* UIImage+BMWAppKit.h */ = {isa = PBXFileReference; fileEncoding = 4; lastKnownFileType = sourcecode.c.h; path = "UIImage+BMWAppKit.h"; sourceTree = "<group>"; };
		46E4D36C1AAD859900C94072 /* libz.dylib */ = {isa = PBXFileReference; lastKnownFileType = "compiled.mach-o.dylib"; name = libz.dylib; path = usr/lib/libz.dylib; sourceTree = SDKROOT; };
		46E4D36D1AAD859900C94072 /* SystemConfiguration.framework */ = {isa = PBXFileReference; lastKnownFileType = wrapper.framework; name = SystemConfiguration.framework; path = System/Library/Frameworks/SystemConfiguration.framework; sourceTree = SDKROOT; };
		46E4D36E1AAD859900C94072 /* CFNetwork.framework */ = {isa = PBXFileReference; lastKnownFileType = wrapper.framework; name = CFNetwork.framework; path = System/Library/Frameworks/CFNetwork.framework; sourceTree = SDKROOT; };
		46E4D36F1AAD859900C94072 /* MediaPlayer.framework */ = {isa = PBXFileReference; lastKnownFileType = wrapper.framework; name = MediaPlayer.framework; path = System/Library/Frameworks/MediaPlayer.framework; sourceTree = SDKROOT; };
		46E4D3701AAD859900C94072 /* Security.framework */ = {isa = PBXFileReference; lastKnownFileType = wrapper.framework; name = Security.framework; path = System/Library/Frameworks/Security.framework; sourceTree = SDKROOT; };
		46E4D3711AAD859900C94072 /* AudioToolbox.framework */ = {isa = PBXFileReference; lastKnownFileType = wrapper.framework; name = AudioToolbox.framework; path = System/Library/Frameworks/AudioToolbox.framework; sourceTree = SDKROOT; };
		46E4D3721AAD859900C94072 /* AVFoundation.framework */ = {isa = PBXFileReference; lastKnownFileType = wrapper.framework; name = AVFoundation.framework; path = System/Library/Frameworks/AVFoundation.framework; sourceTree = SDKROOT; };
		46E4D3731AAD859900C94072 /* ExternalAccessory.framework */ = {isa = PBXFileReference; lastKnownFileType = wrapper.framework; name = ExternalAccessory.framework; path = System/Library/Frameworks/ExternalAccessory.framework; sourceTree = SDKROOT; };
		46E4D3741AAD859900C94072 /* CoreTelephony.framework */ = {isa = PBXFileReference; lastKnownFileType = wrapper.framework; name = CoreTelephony.framework; path = System/Library/Frameworks/CoreTelephony.framework; sourceTree = SDKROOT; };
		46E4D3751AAD859900C94072 /* UIKit.framework */ = {isa = PBXFileReference; lastKnownFileType = wrapper.framework; name = UIKit.framework; path = System/Library/Frameworks/UIKit.framework; sourceTree = SDKROOT; };
		46E4D3761AAD859900C94072 /* Foundation.framework */ = {isa = PBXFileReference; lastKnownFileType = wrapper.framework; name = Foundation.framework; path = System/Library/Frameworks/Foundation.framework; sourceTree = SDKROOT; };
		46E4D3771AAD859900C94072 /* CoreGraphics.framework */ = {isa = PBXFileReference; lastKnownFileType = wrapper.framework; name = CoreGraphics.framework; path = System/Library/Frameworks/CoreGraphics.framework; sourceTree = SDKROOT; };
		46E4D3781AAD859900C94072 /* ImageIO.framework */ = {isa = PBXFileReference; lastKnownFileType = wrapper.framework; name = ImageIO.framework; path = System/Library/Frameworks/ImageIO.framework; sourceTree = SDKROOT; };
		46E4D3791AAD859900C94072 /* MobileCoreServices.framework */ = {isa = PBXFileReference; lastKnownFileType = wrapper.framework; name = MobileCoreServices.framework; path = System/Library/Frameworks/MobileCoreServices.framework; sourceTree = SDKROOT; };
		A600578C1AB163EB00BA64BF /* SiriMicrophone.png */ = {isa = PBXFileReference; lastKnownFileType = image.png; path = SiriMicrophone.png; sourceTree = "<group>"; };
		A600578E1AB169B200BA64BF /* SpeechController.h */ = {isa = PBXFileReference; fileEncoding = 4; lastKnownFileType = sourcecode.c.h; path = SpeechController.h; sourceTree = "<group>"; };
		A600578F1AB169B200BA64BF /* SpeechController.m */ = {isa = PBXFileReference; fileEncoding = 4; lastKnownFileType = sourcecode.c.objc; path = SpeechController.m; sourceTree = "<group>"; };
		A61493F61AFB246E0020F616 /* CoordinatePointTuple.h */ = {isa = PBXFileReference; fileEncoding = 4; lastKnownFileType = sourcecode.c.h; path = CoordinatePointTuple.h; sourceTree = "<group>"; };
		A61493F71AFB246E0020F616 /* CoordinatePointTuple.m */ = {isa = PBXFileReference; fileEncoding = 4; lastKnownFileType = sourcecode.c.objc; path = CoordinatePointTuple.m; sourceTree = "<group>"; };
		A61493F91AFC1C9A0020F616 /* DJISDK.framework */ = {isa = PBXFileReference; lastKnownFileType = wrapper.framework; path = DJISDK.framework; sourceTree = "<group>"; };
		A62B4B541AFC1EF30016ED09 /* libstdc++.6.0.9.dylib */ = {isa = PBXFileReference; lastKnownFileType = "compiled.mach-o.dylib"; name = "libstdc++.6.0.9.dylib"; path = "usr/lib/libstdc++.6.0.9.dylib"; sourceTree = SDKROOT; };
		A62B4B591AFC71280016ED09 /* TransparentTouchView.h */ = {isa = PBXFileReference; fileEncoding = 4; lastKnownFileType = sourcecode.c.h; path = TransparentTouchView.h; sourceTree = "<group>"; };
		A62B4B5A1AFC71280016ED09 /* TransparentTouchView.mm */ = {isa = PBXFileReference; fileEncoding = 4; lastKnownFileType = sourcecode.cpp.objcpp; path = TransparentTouchView.mm; sourceTree = "<group>"; };
		A65391471AEDFCE100EA296A /* NearbyParkingTableViewController.h */ = {isa = PBXFileReference; fileEncoding = 4; lastKnownFileType = sourcecode.c.h; path = NearbyParkingTableViewController.h; sourceTree = "<group>"; };
		A65391481AEDFCE100EA296A /* NearbyParkingTableViewController.m */ = {isa = PBXFileReference; fileEncoding = 4; lastKnownFileType = sourcecode.c.objc; path = NearbyParkingTableViewController.m; sourceTree = "<group>"; };
		A653914C1AEE00C800EA296A /* parking-icon.png */ = {isa = PBXFileReference; lastKnownFileType = image.png; path = "parking-icon.png"; sourceTree = "<group>"; };
		A664155F1AF9448000135A7D /* DJIDroneHelper.h */ = {isa = PBXFileReference; fileEncoding = 4; lastKnownFileType = sourcecode.c.h; path = DJIDroneHelper.h; sourceTree = "<group>"; };
		A66415601AF9448000135A7D /* DJIDroneHelper.m */ = {isa = PBXFileReference; fileEncoding = 4; lastKnownFileType = sourcecode.c.objc; path = DJIDroneHelper.m; sourceTree = "<group>"; };
		A6F4EF241AAD17D500C81065 /* droneControl.app */ = {isa = PBXFileReference; explicitFileType = wrapper.application; includeInIndex = 0; path = droneControl.app; sourceTree = BUILT_PRODUCTS_DIR; };
		A6F4EF281AAD17D500C81065 /* Info.plist */ = {isa = PBXFileReference; lastKnownFileType = text.plist.xml; path = Info.plist; sourceTree = "<group>"; };
		A6F4EF291AAD17D500C81065 /* main.m */ = {isa = PBXFileReference; lastKnownFileType = sourcecode.c.objc; path = main.m; sourceTree = "<group>"; };
		A6F4EF2B1AAD17D500C81065 /* AppDelegate.h */ = {isa = PBXFileReference; lastKnownFileType = sourcecode.c.h; path = AppDelegate.h; sourceTree = "<group>"; };
		A6F4EF2C1AAD17D500C81065 /* AppDelegate.m */ = {isa = PBXFileReference; lastKnownFileType = sourcecode.c.objc; path = AppDelegate.m; sourceTree = "<group>"; };
		A6F4EF321AAD17D500C81065 /* Base */ = {isa = PBXFileReference; lastKnownFileType = file.storyboard; name = Base; path = Base.lproj/Main.storyboard; sourceTree = "<group>"; };
		A6F4EF341AAD17D500C81065 /* Images.xcassets */ = {isa = PBXFileReference; lastKnownFileType = folder.assetcatalog; path = Images.xcassets; sourceTree = "<group>"; };
		A6F4EF371AAD17D500C81065 /* Base */ = {isa = PBXFileReference; lastKnownFileType = file.xib; name = Base; path = Base.lproj/LaunchScreen.xib; sourceTree = "<group>"; };
		A6F4EF3D1AAD17D500C81065 /* droneControlTests.xctest */ = {isa = PBXFileReference; explicitFileType = wrapper.cfbundle; includeInIndex = 0; path = droneControlTests.xctest; sourceTree = BUILT_PRODUCTS_DIR; };
		A6F4EF421AAD17D500C81065 /* Info.plist */ = {isa = PBXFileReference; lastKnownFileType = text.plist.xml; path = Info.plist; sourceTree = "<group>"; };
		A6F4EF431AAD17D500C81065 /* droneControlTests.m */ = {isa = PBXFileReference; lastKnownFileType = sourcecode.c.objc; path = droneControlTests.m; sourceTree = "<group>"; };
		A6F4EF4D1AAD3EA300C81065 /* OpenEars.framework */ = {isa = PBXFileReference; lastKnownFileType = wrapper.framework; path = OpenEars.framework; sourceTree = "<group>"; };
		A6F4EF4F1AAD416900C81065 /* Slt.framework */ = {isa = PBXFileReference; lastKnownFileType = wrapper.framework; path = Slt.framework; sourceTree = "<group>"; };
		A6F4EF511AAD417200C81065 /* AcousticModelEnglish.bundle */ = {isa = PBXFileReference; lastKnownFileType = "wrapper.plug-in"; path = AcousticModelEnglish.bundle; sourceTree = "<group>"; };
		D9D6486B1ADDAB0300459A16 /* DJIDispatch.h */ = {isa = PBXFileReference; fileEncoding = 4; lastKnownFileType = sourcecode.c.h; path = DJIDispatch.h; sourceTree = "<group>"; };
		D9D6486C1ADDAB0300459A16 /* DJIDispatch.m */ = {isa = PBXFileReference; fileEncoding = 4; lastKnownFileType = sourcecode.c.objc; path = DJIDispatch.m; sourceTree = "<group>"; };
		D9D6486D1ADDAB0300459A16 /* DJILinkQueue.h */ = {isa = PBXFileReference; fileEncoding = 4; lastKnownFileType = sourcecode.c.h; path = DJILinkQueue.h; sourceTree = "<group>"; };
		D9D6486E1ADDAB0300459A16 /* DJILinkQueue.m */ = {isa = PBXFileReference; fileEncoding = 4; lastKnownFileType = sourcecode.c.objc; path = DJILinkQueue.m; sourceTree = "<group>"; };
		D9D648721ADDAB0300459A16 /* avcodec.h */ = {isa = PBXFileReference; fileEncoding = 4; lastKnownFileType = sourcecode.c.h; path = avcodec.h; sourceTree = "<group>"; };
		D9D648731ADDAB0300459A16 /* avfft.h */ = {isa = PBXFileReference; fileEncoding = 4; lastKnownFileType = sourcecode.c.h; path = avfft.h; sourceTree = "<group>"; };
		D9D648741ADDAB0300459A16 /* dxva2.h */ = {isa = PBXFileReference; fileEncoding = 4; lastKnownFileType = sourcecode.c.h; path = dxva2.h; sourceTree = "<group>"; };
		D9D648751ADDAB0300459A16 /* old_codec_ids.h */ = {isa = PBXFileReference; fileEncoding = 4; lastKnownFileType = sourcecode.c.h; path = old_codec_ids.h; sourceTree = "<group>"; };
		D9D648761ADDAB0300459A16 /* vaapi.h */ = {isa = PBXFileReference; fileEncoding = 4; lastKnownFileType = sourcecode.c.h; path = vaapi.h; sourceTree = "<group>"; };
		D9D648771ADDAB0300459A16 /* vda.h */ = {isa = PBXFileReference; fileEncoding = 4; lastKnownFileType = sourcecode.c.h; path = vda.h; sourceTree = "<group>"; };
		D9D648781ADDAB0300459A16 /* vdpau.h */ = {isa = PBXFileReference; fileEncoding = 4; lastKnownFileType = sourcecode.c.h; path = vdpau.h; sourceTree = "<group>"; };
		D9D648791ADDAB0300459A16 /* version.h */ = {isa = PBXFileReference; fileEncoding = 4; lastKnownFileType = sourcecode.c.h; path = version.h; sourceTree = "<group>"; };
		D9D6487A1ADDAB0300459A16 /* xvmc.h */ = {isa = PBXFileReference; fileEncoding = 4; lastKnownFileType = sourcecode.c.h; path = xvmc.h; sourceTree = "<group>"; };
		D9D6487C1ADDAB0300459A16 /* avdevice.h */ = {isa = PBXFileReference; fileEncoding = 4; lastKnownFileType = sourcecode.c.h; path = avdevice.h; sourceTree = "<group>"; };
		D9D6487D1ADDAB0300459A16 /* version.h */ = {isa = PBXFileReference; fileEncoding = 4; lastKnownFileType = sourcecode.c.h; path = version.h; sourceTree = "<group>"; };
		D9D6487F1ADDAB0300459A16 /* asrc_abuffer.h */ = {isa = PBXFileReference; fileEncoding = 4; lastKnownFileType = sourcecode.c.h; path = asrc_abuffer.h; sourceTree = "<group>"; };
		D9D648801ADDAB0300459A16 /* avcodec.h */ = {isa = PBXFileReference; fileEncoding = 4; lastKnownFileType = sourcecode.c.h; path = avcodec.h; sourceTree = "<group>"; };
		D9D648811ADDAB0300459A16 /* avfilter.h */ = {isa = PBXFileReference; fileEncoding = 4; lastKnownFileType = sourcecode.c.h; path = avfilter.h; sourceTree = "<group>"; };
		D9D648821ADDAB0300459A16 /* avfiltergraph.h */ = {isa = PBXFileReference; fileEncoding = 4; lastKnownFileType = sourcecode.c.h; path = avfiltergraph.h; sourceTree = "<group>"; };
		D9D648831ADDAB0300459A16 /* buffersink.h */ = {isa = PBXFileReference; fileEncoding = 4; lastKnownFileType = sourcecode.c.h; path = buffersink.h; sourceTree = "<group>"; };
		D9D648841ADDAB0300459A16 /* buffersrc.h */ = {isa = PBXFileReference; fileEncoding = 4; lastKnownFileType = sourcecode.c.h; path = buffersrc.h; sourceTree = "<group>"; };
		D9D648851ADDAB0300459A16 /* version.h */ = {isa = PBXFileReference; fileEncoding = 4; lastKnownFileType = sourcecode.c.h; path = version.h; sourceTree = "<group>"; };
		D9D648871ADDAB0300459A16 /* avformat.h */ = {isa = PBXFileReference; fileEncoding = 4; lastKnownFileType = sourcecode.c.h; path = avformat.h; sourceTree = "<group>"; };
		D9D648881ADDAB0300459A16 /* avio.h */ = {isa = PBXFileReference; fileEncoding = 4; lastKnownFileType = sourcecode.c.h; path = avio.h; sourceTree = "<group>"; };
		D9D648891ADDAB0300459A16 /* version.h */ = {isa = PBXFileReference; fileEncoding = 4; lastKnownFileType = sourcecode.c.h; path = version.h; sourceTree = "<group>"; };
		D9D6488B1ADDAB0300459A16 /* avresample.h */ = {isa = PBXFileReference; fileEncoding = 4; lastKnownFileType = sourcecode.c.h; path = avresample.h; sourceTree = "<group>"; };
		D9D6488C1ADDAB0300459A16 /* version.h */ = {isa = PBXFileReference; fileEncoding = 4; lastKnownFileType = sourcecode.c.h; path = version.h; sourceTree = "<group>"; };
		D9D6488E1ADDAB0300459A16 /* adler32.h */ = {isa = PBXFileReference; fileEncoding = 4; lastKnownFileType = sourcecode.c.h; path = adler32.h; sourceTree = "<group>"; };
		D9D6488F1ADDAB0300459A16 /* aes.h */ = {isa = PBXFileReference; fileEncoding = 4; lastKnownFileType = sourcecode.c.h; path = aes.h; sourceTree = "<group>"; };
		D9D648901ADDAB0300459A16 /* attributes.h */ = {isa = PBXFileReference; fileEncoding = 4; lastKnownFileType = sourcecode.c.h; path = attributes.h; sourceTree = "<group>"; };
		D9D648911ADDAB0300459A16 /* audio_fifo.h */ = {isa = PBXFileReference; fileEncoding = 4; lastKnownFileType = sourcecode.c.h; path = audio_fifo.h; sourceTree = "<group>"; };
		D9D648921ADDAB0300459A16 /* audioconvert.h */ = {isa = PBXFileReference; fileEncoding = 4; lastKnownFileType = sourcecode.c.h; path = audioconvert.h; sourceTree = "<group>"; };
		D9D648931ADDAB0300459A16 /* avassert.h */ = {isa = PBXFileReference; fileEncoding = 4; lastKnownFileType = sourcecode.c.h; path = avassert.h; sourceTree = "<group>"; };
		D9D648941ADDAB0300459A16 /* avconfig.h */ = {isa = PBXFileReference; fileEncoding = 4; lastKnownFileType = sourcecode.c.h; path = avconfig.h; sourceTree = "<group>"; };
		D9D648951ADDAB0300459A16 /* avstring.h */ = {isa = PBXFileReference; fileEncoding = 4; lastKnownFileType = sourcecode.c.h; path = avstring.h; sourceTree = "<group>"; };
		D9D648961ADDAB0300459A16 /* avutil.h */ = {isa = PBXFileReference; fileEncoding = 4; lastKnownFileType = sourcecode.c.h; path = avutil.h; sourceTree = "<group>"; };
		D9D648971ADDAB0300459A16 /* base64.h */ = {isa = PBXFileReference; fileEncoding = 4; lastKnownFileType = sourcecode.c.h; path = base64.h; sourceTree = "<group>"; };
		D9D648981ADDAB0300459A16 /* blowfish.h */ = {isa = PBXFileReference; fileEncoding = 4; lastKnownFileType = sourcecode.c.h; path = blowfish.h; sourceTree = "<group>"; };
		D9D648991ADDAB0300459A16 /* bprint.h */ = {isa = PBXFileReference; fileEncoding = 4; lastKnownFileType = sourcecode.c.h; path = bprint.h; sourceTree = "<group>"; };
		D9D6489A1ADDAB0300459A16 /* bswap.h */ = {isa = PBXFileReference; fileEncoding = 4; lastKnownFileType = sourcecode.c.h; path = bswap.h; sourceTree = "<group>"; };
		D9D6489B1ADDAB0300459A16 /* channel_layout.h */ = {isa = PBXFileReference; fileEncoding = 4; lastKnownFileType = sourcecode.c.h; path = channel_layout.h; sourceTree = "<group>"; };
		D9D6489C1ADDAB0300459A16 /* common.h */ = {isa = PBXFileReference; fileEncoding = 4; lastKnownFileType = sourcecode.c.h; path = common.h; sourceTree = "<group>"; };
		D9D6489D1ADDAB0300459A16 /* cpu.h */ = {isa = PBXFileReference; fileEncoding = 4; lastKnownFileType = sourcecode.c.h; path = cpu.h; sourceTree = "<group>"; };
		D9D6489E1ADDAB0300459A16 /* crc.h */ = {isa = PBXFileReference; fileEncoding = 4; lastKnownFileType = sourcecode.c.h; path = crc.h; sourceTree = "<group>"; };
		D9D6489F1ADDAB0300459A16 /* dict.h */ = {isa = PBXFileReference; fileEncoding = 4; lastKnownFileType = sourcecode.c.h; path = dict.h; sourceTree = "<group>"; };
		D9D648A01ADDAB0300459A16 /* error.h */ = {isa = PBXFileReference; fileEncoding = 4; lastKnownFileType = sourcecode.c.h; path = error.h; sourceTree = "<group>"; };
		D9D648A11ADDAB0300459A16 /* eval.h */ = {isa = PBXFileReference; fileEncoding = 4; lastKnownFileType = sourcecode.c.h; path = eval.h; sourceTree = "<group>"; };
		D9D648A21ADDAB0300459A16 /* fifo.h */ = {isa = PBXFileReference; fileEncoding = 4; lastKnownFileType = sourcecode.c.h; path = fifo.h; sourceTree = "<group>"; };
		D9D648A31ADDAB0300459A16 /* file.h */ = {isa = PBXFileReference; fileEncoding = 4; lastKnownFileType = sourcecode.c.h; path = file.h; sourceTree = "<group>"; };
		D9D648A41ADDAB0300459A16 /* hmac.h */ = {isa = PBXFileReference; fileEncoding = 4; lastKnownFileType = sourcecode.c.h; path = hmac.h; sourceTree = "<group>"; };
		D9D648A51ADDAB0300459A16 /* imgutils.h */ = {isa = PBXFileReference; fileEncoding = 4; lastKnownFileType = sourcecode.c.h; path = imgutils.h; sourceTree = "<group>"; };
		D9D648A61ADDAB0300459A16 /* intfloat.h */ = {isa = PBXFileReference; fileEncoding = 4; lastKnownFileType = sourcecode.c.h; path = intfloat.h; sourceTree = "<group>"; };
		D9D648A71ADDAB0300459A16 /* intfloat_readwrite.h */ = {isa = PBXFileReference; fileEncoding = 4; lastKnownFileType = sourcecode.c.h; path = intfloat_readwrite.h; sourceTree = "<group>"; };
		D9D648A81ADDAB0300459A16 /* intreadwrite.h */ = {isa = PBXFileReference; fileEncoding = 4; lastKnownFileType = sourcecode.c.h; path = intreadwrite.h; sourceTree = "<group>"; };
		D9D648A91ADDAB0300459A16 /* lfg.h */ = {isa = PBXFileReference; fileEncoding = 4; lastKnownFileType = sourcecode.c.h; path = lfg.h; sourceTree = "<group>"; };
		D9D648AA1ADDAB0300459A16 /* log.h */ = {isa = PBXFileReference; fileEncoding = 4; lastKnownFileType = sourcecode.c.h; path = log.h; sourceTree = "<group>"; };
		D9D648AB1ADDAB0400459A16 /* mathematics.h */ = {isa = PBXFileReference; fileEncoding = 4; lastKnownFileType = sourcecode.c.h; path = mathematics.h; sourceTree = "<group>"; };
		D9D648AC1ADDAB0400459A16 /* md5.h */ = {isa = PBXFileReference; fileEncoding = 4; lastKnownFileType = sourcecode.c.h; path = md5.h; sourceTree = "<group>"; };
		D9D648AD1ADDAB0400459A16 /* mem.h */ = {isa = PBXFileReference; fileEncoding = 4; lastKnownFileType = sourcecode.c.h; path = mem.h; sourceTree = "<group>"; };
		D9D648AE1ADDAB0400459A16 /* old_pix_fmts.h */ = {isa = PBXFileReference; fileEncoding = 4; lastKnownFileType = sourcecode.c.h; path = old_pix_fmts.h; sourceTree = "<group>"; };
		D9D648AF1ADDAB0400459A16 /* opt.h */ = {isa = PBXFileReference; fileEncoding = 4; lastKnownFileType = sourcecode.c.h; path = opt.h; sourceTree = "<group>"; };
		D9D648B01ADDAB0400459A16 /* parseutils.h */ = {isa = PBXFileReference; fileEncoding = 4; lastKnownFileType = sourcecode.c.h; path = parseutils.h; sourceTree = "<group>"; };
		D9D648B11ADDAB0400459A16 /* pixdesc.h */ = {isa = PBXFileReference; fileEncoding = 4; lastKnownFileType = sourcecode.c.h; path = pixdesc.h; sourceTree = "<group>"; };
		D9D648B21ADDAB0400459A16 /* pixfmt.h */ = {isa = PBXFileReference; fileEncoding = 4; lastKnownFileType = sourcecode.c.h; path = pixfmt.h; sourceTree = "<group>"; };
		D9D648B31ADDAB0400459A16 /* random_seed.h */ = {isa = PBXFileReference; fileEncoding = 4; lastKnownFileType = sourcecode.c.h; path = random_seed.h; sourceTree = "<group>"; };
		D9D648B41ADDAB0400459A16 /* rational.h */ = {isa = PBXFileReference; fileEncoding = 4; lastKnownFileType = sourcecode.c.h; path = rational.h; sourceTree = "<group>"; };
		D9D648B51ADDAB0400459A16 /* samplefmt.h */ = {isa = PBXFileReference; fileEncoding = 4; lastKnownFileType = sourcecode.c.h; path = samplefmt.h; sourceTree = "<group>"; };
		D9D648B61ADDAB0400459A16 /* sha.h */ = {isa = PBXFileReference; fileEncoding = 4; lastKnownFileType = sourcecode.c.h; path = sha.h; sourceTree = "<group>"; };
		D9D648B71ADDAB0400459A16 /* time.h */ = {isa = PBXFileReference; fileEncoding = 4; lastKnownFileType = sourcecode.c.h; path = time.h; sourceTree = "<group>"; };
		D9D648B81ADDAB0400459A16 /* timecode.h */ = {isa = PBXFileReference; fileEncoding = 4; lastKnownFileType = sourcecode.c.h; path = timecode.h; sourceTree = "<group>"; };
		D9D648B91ADDAB0400459A16 /* timestamp.h */ = {isa = PBXFileReference; fileEncoding = 4; lastKnownFileType = sourcecode.c.h; path = timestamp.h; sourceTree = "<group>"; };
		D9D648BA1ADDAB0400459A16 /* version.h */ = {isa = PBXFileReference; fileEncoding = 4; lastKnownFileType = sourcecode.c.h; path = version.h; sourceTree = "<group>"; };
		D9D648BB1ADDAB0400459A16 /* xtea.h */ = {isa = PBXFileReference; fileEncoding = 4; lastKnownFileType = sourcecode.c.h; path = xtea.h; sourceTree = "<group>"; };
		D9D648BD1ADDAB0400459A16 /* postprocess.h */ = {isa = PBXFileReference; fileEncoding = 4; lastKnownFileType = sourcecode.c.h; path = postprocess.h; sourceTree = "<group>"; };
		D9D648BE1ADDAB0400459A16 /* version.h */ = {isa = PBXFileReference; fileEncoding = 4; lastKnownFileType = sourcecode.c.h; path = version.h; sourceTree = "<group>"; };
		D9D648C01ADDAB0400459A16 /* swresample.h */ = {isa = PBXFileReference; fileEncoding = 4; lastKnownFileType = sourcecode.c.h; path = swresample.h; sourceTree = "<group>"; };
		D9D648C11ADDAB0400459A16 /* version.h */ = {isa = PBXFileReference; fileEncoding = 4; lastKnownFileType = sourcecode.c.h; path = version.h; sourceTree = "<group>"; };
		D9D648C31ADDAB0400459A16 /* swscale.h */ = {isa = PBXFileReference; fileEncoding = 4; lastKnownFileType = sourcecode.c.h; path = swscale.h; sourceTree = "<group>"; };
		D9D648C41ADDAB0400459A16 /* version.h */ = {isa = PBXFileReference; fileEncoding = 4; lastKnownFileType = sourcecode.c.h; path = version.h; sourceTree = "<group>"; };
		D9D648C61ADDAB0400459A16 /* libavcodec.a */ = {isa = PBXFileReference; lastKnownFileType = archive.ar; path = libavcodec.a; sourceTree = "<group>"; };
		D9D648C71ADDAB0400459A16 /* libavdevice.a */ = {isa = PBXFileReference; lastKnownFileType = archive.ar; path = libavdevice.a; sourceTree = "<group>"; };
		D9D648C81ADDAB0400459A16 /* libavfilter.a */ = {isa = PBXFileReference; lastKnownFileType = archive.ar; path = libavfilter.a; sourceTree = "<group>"; };
		D9D648C91ADDAB0400459A16 /* libavformat.a */ = {isa = PBXFileReference; lastKnownFileType = archive.ar; path = libavformat.a; sourceTree = "<group>"; };
		D9D648CA1ADDAB0400459A16 /* libavresample.a */ = {isa = PBXFileReference; lastKnownFileType = archive.ar; path = libavresample.a; sourceTree = "<group>"; };
		D9D648CB1ADDAB0400459A16 /* libavutil.a */ = {isa = PBXFileReference; lastKnownFileType = archive.ar; path = libavutil.a; sourceTree = "<group>"; };
		D9D648CC1ADDAB0400459A16 /* libpostproc.a */ = {isa = PBXFileReference; lastKnownFileType = archive.ar; path = libpostproc.a; sourceTree = "<group>"; };
		D9D648CD1ADDAB0400459A16 /* libswresample.a */ = {isa = PBXFileReference; lastKnownFileType = archive.ar; path = libswresample.a; sourceTree = "<group>"; };
		D9D648CE1ADDAB0400459A16 /* libswscale.a */ = {isa = PBXFileReference; lastKnownFileType = archive.ar; path = libswscale.a; sourceTree = "<group>"; };
		D9D648CF1ADDAB0400459A16 /* MovieGLView.h */ = {isa = PBXFileReference; fileEncoding = 4; lastKnownFileType = sourcecode.c.h; path = MovieGLView.h; sourceTree = "<group>"; };
		D9D648D01ADDAB0400459A16 /* MovieGLView.m */ = {isa = PBXFileReference; fileEncoding = 4; lastKnownFileType = sourcecode.c.objc; path = MovieGLView.m; sourceTree = "<group>"; };
		D9D648D11ADDAB0400459A16 /* VideoFrameExtractor.h */ = {isa = PBXFileReference; fileEncoding = 4; lastKnownFileType = sourcecode.c.h; path = VideoFrameExtractor.h; sourceTree = "<group>"; };
		D9D648D21ADDAB0400459A16 /* VideoFrameExtractor.m */ = {isa = PBXFileReference; fileEncoding = 4; lastKnownFileType = sourcecode.c.objc; path = VideoFrameExtractor.m; sourceTree = "<group>"; };
		D9D648D31ADDAB0400459A16 /* VideoPreviewer.h */ = {isa = PBXFileReference; fileEncoding = 4; lastKnownFileType = sourcecode.c.h; path = VideoPreviewer.h; sourceTree = "<group>"; };
		D9D648D41ADDAB0400459A16 /* VideoPreviewer.m */ = {isa = PBXFileReference; fileEncoding = 4; lastKnownFileType = sourcecode.c.objc; path = VideoPreviewer.m; sourceTree = "<group>"; };
		D9FB7CBD1ADDF4E700138BF0 /* Document */ = {isa = PBXFileReference; lastKnownFileType = folder; path = Document; sourceTree = "<group>"; };
		D9FCDA521ADD8F6500D91DB7 /* DJICameraViewController.mm */ = {isa = PBXFileReference; fileEncoding = 4; lastKnownFileType = sourcecode.cpp.objcpp; path = DJICameraViewController.mm; sourceTree = "<group>"; };
		D9FCDA531ADD8F6500D91DB7 /* DJICameraViewController.h */ = {isa = PBXFileReference; fileEncoding = 4; lastKnownFileType = sourcecode.c.h; path = DJICameraViewController.h; sourceTree = "<group>"; };
		D9FCDA541ADD8F6500D91DB7 /* DJICameraViewController.xib */ = {isa = PBXFileReference; fileEncoding = 4; lastKnownFileType = file.xib; path = DJICameraViewController.xib; sourceTree = "<group>"; };
		D9FCDA591ADD906400D91DB7 /* libiconv.dylib */ = {isa = PBXFileReference; lastKnownFileType = "compiled.mach-o.dylib"; name = libiconv.dylib; path = usr/lib/libiconv.dylib; sourceTree = SDKROOT; };
/* End PBXFileReference section */

/* Begin PBXFrameworksBuildPhase section */
		A6F4EF211AAD17D500C81065 /* Frameworks */ = {
			isa = PBXFrameworksBuildPhase;
			buildActionMask = 2147483647;
			files = (
				A62B4B551AFC1EF30016ED09 /* libstdc++.6.0.9.dylib in Frameworks */,
				D9FCDA5A1ADD906400D91DB7 /* libiconv.dylib in Frameworks */,
				46841DDD1AAD8E9A00BB0BF1 /* BMWAppKit.framework in Frameworks */,
				D9D648DF1ADDAB0400459A16 /* libswscale.a in Frameworks */,
				A6F4EF501AAD416900C81065 /* Slt.framework in Frameworks */,
				D9D648DA1ADDAB0400459A16 /* libavformat.a in Frameworks */,
				46E4D37D1AAD859900C94072 /* libz.dylib in Frameworks */,
				46E4D3831AAD859900C94072 /* AVFoundation.framework in Frameworks */,
				D9D648D71ADDAB0400459A16 /* libavcodec.a in Frameworks */,
				46E4D3891AAD859900C94072 /* ImageIO.framework in Frameworks */,
				46E4D37F1AAD859900C94072 /* CFNetwork.framework in Frameworks */,
				D9D648D81ADDAB0400459A16 /* libavdevice.a in Frameworks */,
				D9D648DC1ADDAB0400459A16 /* libavutil.a in Frameworks */,
				D9D648DE1ADDAB0400459A16 /* libswresample.a in Frameworks */,
				46E4D3861AAD859900C94072 /* UIKit.framework in Frameworks */,
				46E4D3841AAD859900C94072 /* ExternalAccessory.framework in Frameworks */,
				46E4D37E1AAD859900C94072 /* SystemConfiguration.framework in Frameworks */,
				D9D648DD1ADDAB0400459A16 /* libpostproc.a in Frameworks */,
				D9D648D91ADDAB0400459A16 /* libavfilter.a in Frameworks */,
				46E4D3851AAD859900C94072 /* CoreTelephony.framework in Frameworks */,
				46E4D3871AAD859900C94072 /* Foundation.framework in Frameworks */,
				46E4D3801AAD859900C94072 /* MediaPlayer.framework in Frameworks */,
				D9D648DB1ADDAB0400459A16 /* libavresample.a in Frameworks */,
				46E4D3881AAD859900C94072 /* CoreGraphics.framework in Frameworks */,
				46E4D3821AAD859900C94072 /* AudioToolbox.framework in Frameworks */,
				46E4D38A1AAD859900C94072 /* MobileCoreServices.framework in Frameworks */,
				46E4D3811AAD859900C94072 /* Security.framework in Frameworks */,
				A6F4EF4E1AAD3EA300C81065 /* OpenEars.framework in Frameworks */,
				A61493FB1AFC1CEC0020F616 /* DJISDK.framework in Frameworks */,
				46E4D37A1AAD859900C94072 /* libc++.dylib in Frameworks */,
			);
			runOnlyForDeploymentPostprocessing = 0;
		};
		A6F4EF3A1AAD17D500C81065 /* Frameworks */ = {
			isa = PBXFrameworksBuildPhase;
			buildActionMask = 2147483647;
			files = (
			);
			runOnlyForDeploymentPostprocessing = 0;
		};
/* End PBXFrameworksBuildPhase section */

/* Begin PBXGroup section */
		46841DAE1AAD8DE500BB0BF1 /* BMW */ = {
			isa = PBXGroup;
			children = (
				46841DAF1AAD8DE500BB0BF1 /* HelloWorld_SAS.txt */,
				46841DEF1AAD91CF00BB0BF1 /* IDNSLoggerAppender */,
				46841DEA1AAD91A800BB0BF1 /* NSLogger */,
				46CC89691ABB1491009339BC /* BMWConnectedDroneDataSource.h */,
				46CC896A1ABB14AE009339BC /* BMWConnectedDroneDataSource.m */,
				46CC895F1ABB117E009339BC /* BMWConnectedDroneViewController.h */,
				46CC896C1ABB160A009339BC /* BMWConnectedDroneViewController.m */,
				46841DE31AAD8F6A00BB0BF1 /* LastUserModeDelegate.h */,
				46841DB21AAD8DE500BB0BF1 /* RemoteApplicationManager.h */,
				46841DB31AAD8DE500BB0BF1 /* RemoteApplicationManager.m */,
				46841DB41AAD8DE500BB0BF1 /* RHMI */,
			);
			path = BMW;
			sourceTree = "<group>";
		};
		46841DB41AAD8DE500BB0BF1 /* RHMI */ = {
			isa = PBXGroup;
			children = (
				46841DB51AAD8DE500BB0BF1 /* .project */,
				46841DB61AAD8DE500BB0BF1 /* .settings */,
				46841DBA1AAD8DE500BB0BF1 /* resources */,
				46841DBD1AAD8DE500BB0BF1 /* target */,
			);
			path = RHMI;
			sourceTree = "<group>";
		};
		46841DB61AAD8DE500BB0BF1 /* .settings */ = {
			isa = PBXGroup;
			children = (
				46841DB71AAD8DE500BB0BF1 /* org.eclipse.core.resources.prefs */,
			);
			path = .settings;
			sourceTree = "<group>";
		};
		46841DBA1AAD8DE500BB0BF1 /* resources */ = {
			isa = PBXGroup;
			children = (
				46841DBB1AAD8DE500BB0BF1 /* common */,
			);
			path = resources;
			sourceTree = "<group>";
		};
		46841DBB1AAD8DE500BB0BF1 /* common */ = {
			isa = PBXGroup;
			children = (
				46841DBC1AAD8DE500BB0BF1 /* HelloWorldAppIcon_appswitcher.png */,
			);
			path = common;
			sourceTree = "<group>";
		};
		46841DBD1AAD8DE500BB0BF1 /* target */ = {
			isa = PBXGroup;
			children = (
				46841DBE1AAD8DE500BB0BF1 /* objc */,
				46841DC41AAD8DE500BB0BF1 /* res */,
			);
			path = target;
			sourceTree = "<group>";
		};
		46841DBE1AAD8DE500BB0BF1 /* objc */ = {
			isa = PBXGroup;
			children = (
				46CC89601ABB11F0009339BC /* BMWFindParkingView.h */,
				46CC89611ABB11F0009339BC /* BMWFindParkingView.m */,
				46CC89581ABB1100009339BC /* ConnectedDroneHmiProvider.h */,
				46CC89591ABB1100009339BC /* ConnectedDroneHmiProvider.m */,
				46CC895A1ABB1100009339BC /* ConnectedDroneIdentifiers.h */,
			);
			path = objc;
			sourceTree = "<group>";
		};
		46841DC41AAD8DE500BB0BF1 /* res */ = {
			isa = PBXGroup;
			children = (
				46841DC51AAD8DE500BB0BF1 /* FA28E2F2-ACBE-4A8C-8A9B-CC8EB3472F7A.json */,
				46CC89631ABB11FB009339BC /* ConnectedDrone_common_Images.zip */,
				46CC89641ABB11FB009339BC /* ConnectedDrone_HMI.xml */,
				46CC89651ABB11FB009339BC /* ConnectedDrone.plist */,
				46841DC91AAD8DE500BB0BF1 /* img */,
			);
			path = res;
			sourceTree = "<group>";
		};
		46841DC91AAD8DE500BB0BF1 /* img */ = {
			isa = PBXGroup;
			children = (
				46841DCA1AAD8DE500BB0BF1 /* FA28E2F2-ACBE-4A8C-8A9B-CC8EB3472F7A.png */,
			);
			path = img;
			sourceTree = "<group>";
		};
		46841DEA1AAD91A800BB0BF1 /* NSLogger */ = {
			isa = PBXGroup;
			children = (
				46841DEB1AAD91C900BB0BF1 /* LoggerClient.h */,
				46841DEC1AAD91C900BB0BF1 /* LoggerClient.m */,
				46841DED1AAD91C900BB0BF1 /* LoggerCommon.h */,
			);
			name = NSLogger;
			sourceTree = "<group>";
		};
		46841DEF1AAD91CF00BB0BF1 /* IDNSLoggerAppender */ = {
			isa = PBXGroup;
			children = (
				46841DF01AAD91EC00BB0BF1 /* IDNSLoggerAppender.h */,
				46841DF11AAD91EC00BB0BF1 /* IDNSLoggerAppender.m */,
			);
			name = IDNSLoggerAppender;
			sourceTree = "<group>";
		};
		46E4D3331AAD856E00C94072 /* Frameworks */ = {
			isa = PBXGroup;
			children = (
				A61493F91AFC1C9A0020F616 /* DJISDK.framework */,
				46E4D3341AAD859900C94072 /* libc++.dylib */,
				A6F4EF511AAD417200C81065 /* AcousticModelEnglish.bundle */,
				A6F4EF4F1AAD416900C81065 /* Slt.framework */,
				A6F4EF4D1AAD3EA300C81065 /* OpenEars.framework */,
				46841DDA1AAD8E8F00BB0BF1 /* BMWAppKitResources.bundle */,
				46841DDC1AAD8E9A00BB0BF1 /* BMWAppKit.framework */,
				46E4D3371AAD859900C94072 /* Headers */,
				46E4D36C1AAD859900C94072 /* libz.dylib */,
				46E4D36D1AAD859900C94072 /* SystemConfiguration.framework */,
				46E4D36E1AAD859900C94072 /* CFNetwork.framework */,
				46E4D36F1AAD859900C94072 /* MediaPlayer.framework */,
				46E4D3701AAD859900C94072 /* Security.framework */,
				46E4D3711AAD859900C94072 /* AudioToolbox.framework */,
				46E4D3721AAD859900C94072 /* AVFoundation.framework */,
				46E4D3731AAD859900C94072 /* ExternalAccessory.framework */,
				46E4D3741AAD859900C94072 /* CoreTelephony.framework */,
				46E4D3751AAD859900C94072 /* UIKit.framework */,
				46E4D3761AAD859900C94072 /* Foundation.framework */,
				46E4D3771AAD859900C94072 /* CoreGraphics.framework */,
				46E4D3781AAD859900C94072 /* ImageIO.framework */,
				46E4D3791AAD859900C94072 /* MobileCoreServices.framework */,
			);
			name = Frameworks;
			sourceTree = "<group>";
		};
		46E4D3371AAD859900C94072 /* Headers */ = {
			isa = PBXGroup;
			children = (
				46E4D3391AAD859900C94072 /* CDSPropertyDefines.h */,
				46E4D33A1AAD859900C94072 /* CDSPropertyDefinesControls.h */,
				46E4D33B1AAD859900C94072 /* CDSPropertyDefinesDriving.h */,
				46E4D33C1AAD859900C94072 /* CDSPropertyDefinesEngine.h */,
				46E4D33D1AAD859900C94072 /* CDSPropertyDefinesEntertainment.h */,
				46E4D33E1AAD859900C94072 /* CDSPropertyDefinesNavigation.h */,
				46E4D33F1AAD859900C94072 /* CDSPropertyDefinesSensors.h */,
				46E4D3401AAD859900C94072 /* CDSPropertyDefinesVehicle.h */,
				46E4D3411AAD859900C94072 /* IDAccessoryMonitor.h */,
				46E4D3421AAD859900C94072 /* IDApplication.h */,
				46E4D3431AAD859900C94072 /* IDAudioService.h */,
				46E4D3441AAD859900C94072 /* IDAudioServiceConstants.h */,
				46E4D3451AAD859900C94072 /* IDButton.h */,
				46E4D3461AAD859900C94072 /* IDCdsService.h */,
				46E4D3471AAD859900C94072 /* IDCheckbox.h */,
				46E4D3481AAD859900C94072 /* IDDateGauge.h */,
				46E4D3491AAD859900C94072 /* IDEventTypes.h */,
				46E4D34A1AAD859900C94072 /* IDFilterButton.h */,
				46E4D34B1AAD859900C94072 /* IDFlushProtocol.h */,
				46E4D34C1AAD859900C94072 /* IDGauge.h */,
				46E4D34D1AAD859900C94072 /* IDHmiProvider.h */,
				46E4D34E1AAD859900C94072 /* IDHmiService.h */,
				46E4D34F1AAD859900C94072 /* IDImage.h */,
				46E4D3501AAD859900C94072 /* IDImageData.h */,
				46E4D3511AAD859900C94072 /* IDIntegerGauge.h */,
				46E4D3521AAD859900C94072 /* IDLabel.h */,
				46E4D3531AAD859900C94072 /* IDLogger.h */,
				46E4D3541AAD859900C94072 /* IDModel.h */,
				46E4D3551AAD859900C94072 /* IDMultimediaInfo.h */,
				46E4D3561AAD859900C94072 /* IDParameterTypes.h */,
				46E4D3571AAD859900C94072 /* IDPopupView.h */,
				46E4D3581AAD859900C94072 /* IDPropertyTypes.h */,
				46E4D3591AAD859900C94072 /* IDService.h */,
				46E4D35A1AAD859900C94072 /* IDSpeller.h */,
				46E4D35B1AAD859900C94072 /* IDStatusBar.h */,
				46E4D35C1AAD859900C94072 /* IDTable.h */,
				46E4D35D1AAD859900C94072 /* IDTableCell.h */,
				46E4D35E1AAD859900C94072 /* IDTableData.h */,
				46E4D35F1AAD859900C94072 /* IDTableLocation.h */,
				46E4D3601AAD859900C94072 /* IDTableRow.h */,
				46E4D3611AAD859900C94072 /* IDTimeGauge.h */,
				46E4D3621AAD859900C94072 /* IDToolbarButton.h */,
				46E4D3631AAD859900C94072 /* IDVariantData.h */,
				46E4D3641AAD859900C94072 /* IDVariantMap.h */,
				46E4D3651AAD859900C94072 /* IDVehicleInfo.h */,
				46E4D3661AAD859900C94072 /* IDVersion.h */,
				46E4D3671AAD859900C94072 /* IDVersionInfo.h */,
				46E4D3681AAD859900C94072 /* IDView.h */,
				46E4D3691AAD859900C94072 /* IDWidget.h */,
				46E4D36A1AAD859900C94072 /* IDWidgetConstants.h */,
				46E4D36B1AAD859900C94072 /* UIImage+BMWAppKit.h */,
			);
			name = Headers;
			path = ../../../../../BMW_SDK/Examples/HelloWorld/BMWAppKit.framework/Headers;
			sourceTree = "<group>";
		};
		A65391421AEDDECA00EA296A /* DJI */ = {
			isa = PBXGroup;
			children = (
				D9FB7CBD1ADDF4E700138BF0 /* Document */,
				D9D6486A1ADDAB0300459A16 /* VideoPreviewer */,
				D9FCDA521ADD8F6500D91DB7 /* DJICameraViewController.mm */,
				D9FCDA531ADD8F6500D91DB7 /* DJICameraViewController.h */,
				D9FCDA541ADD8F6500D91DB7 /* DJICameraViewController.xib */,
				A664155F1AF9448000135A7D /* DJIDroneHelper.h */,
				A66415601AF9448000135A7D /* DJIDroneHelper.m */,
				A61493F61AFB246E0020F616 /* CoordinatePointTuple.h */,
				A61493F71AFB246E0020F616 /* CoordinatePointTuple.m */,
				A62B4B591AFC71280016ED09 /* TransparentTouchView.h */,
				A62B4B5A1AFC71280016ED09 /* TransparentTouchView.mm */,
			);
			name = DJI;
			sourceTree = "<group>";
		};
		A65391431AEDDF6100EA296A /* Speech */ = {
			isa = PBXGroup;
			children = (
				46841DE61AAD8FA400BB0BF1 /* SpeechDisplayViewController.h */,
				46841DE71AAD8FA400BB0BF1 /* SpeechDisplayViewController.m */,
				A600578E1AB169B200BA64BF /* SpeechController.h */,
				A600578F1AB169B200BA64BF /* SpeechController.m */,
			);
			name = Speech;
			sourceTree = "<group>";
		};
		A6F4EF1B1AAD17D500C81065 = {
			isa = PBXGroup;
			children = (
				A62B4B541AFC1EF30016ED09 /* libstdc++.6.0.9.dylib */,
				D9FCDA591ADD906400D91DB7 /* libiconv.dylib */,
				46841DAE1AAD8DE500BB0BF1 /* BMW */,
				A6F4EF261AAD17D500C81065 /* droneControl */,
				A6F4EF401AAD17D500C81065 /* droneControlTests */,
				A6F4EF251AAD17D500C81065 /* Products */,
			);
			sourceTree = "<group>";
		};
		A6F4EF251AAD17D500C81065 /* Products */ = {
			isa = PBXGroup;
			children = (
				A6F4EF241AAD17D500C81065 /* droneControl.app */,
				A6F4EF3D1AAD17D500C81065 /* droneControlTests.xctest */,
			);
			name = Products;
			sourceTree = "<group>";
		};
		A6F4EF261AAD17D500C81065 /* droneControl */ = {
			isa = PBXGroup;
			children = (
				A65391431AEDDF6100EA296A /* Speech */,
				A65391421AEDDECA00EA296A /* DJI */,
				46E4D3331AAD856E00C94072 /* Frameworks */,
				A6F4EF2B1AAD17D500C81065 /* AppDelegate.h */,
				A6F4EF2C1AAD17D500C81065 /* AppDelegate.m */,
				A6F4EF311AAD17D500C81065 /* Main.storyboard */,
				4641E43F1AFC6D2A00E2FCC8 /* IntroPageViewController.h */,
				4641E4401AFC6D3E00E2FCC8 /* IntroPageViewController.m */,
				466856961AF534A100AF1504 /* ParkingLotTableViewCell.m */,
				466856981AF5352800AF1504 /* ParkingLotTableViewCell.h */,
				A6F4EF341AAD17D500C81065 /* Images.xcassets */,
				A6F4EF361AAD17D500C81065 /* LaunchScreen.xib */,
				A6F4EF271AAD17D500C81065 /* Supporting Files */,
				4641635B1ADB3179004B75D0 /* AerialViewController.m */,
				4641635D1ADB31C1004B75D0 /* AerialViewController.h */,
				462954F41AEA1F5A00B5CF4B /* ParkingLotFinder.h */,
				4648C3E21AEA47DD005811B7 /* ParkingLot.h */,
				4648C3E31AEA4834005811B7 /* ParkingLot.m */,
				462954F51AEA1F6D00B5CF4B /* ParkingLotFinder.m */,
				46AA69EF1ADBB9D4009E0583 /* DroneController.h */,
				46AA69F01ADBB9E9009E0583 /* DroneController.m */,
				463D6F011ADDC51D0011A329 /* SpotConfirmViewController.m */,
				A653914C1AEE00C800EA296A /* parking-icon.png */,
				463D6F031ADDC5540011A329 /* SpotConfirmViewController.h */,
				A65391471AEDFCE100EA296A /* NearbyParkingTableViewController.h */,
				A65391481AEDFCE100EA296A /* NearbyParkingTableViewController.m */,
			);
			path = droneControl;
			sourceTree = "<group>";
		};
		A6F4EF271AAD17D500C81065 /* Supporting Files */ = {
			isa = PBXGroup;
			children = (
				A600578C1AB163EB00BA64BF /* SiriMicrophone.png */,
				A6F4EF281AAD17D500C81065 /* Info.plist */,
				46841DF31AAD94C800BB0BF1 /* HelloWorld-Prefix.pch */,
				A6F4EF291AAD17D500C81065 /* main.m */,
			);
			name = "Supporting Files";
			sourceTree = "<group>";
		};
		A6F4EF401AAD17D500C81065 /* droneControlTests */ = {
			isa = PBXGroup;
			children = (
				A6F4EF431AAD17D500C81065 /* droneControlTests.m */,
				A6F4EF411AAD17D500C81065 /* Supporting Files */,
			);
			path = droneControlTests;
			sourceTree = "<group>";
		};
		A6F4EF411AAD17D500C81065 /* Supporting Files */ = {
			isa = PBXGroup;
			children = (
				A6F4EF421AAD17D500C81065 /* Info.plist */,
			);
			name = "Supporting Files";
			sourceTree = "<group>";
		};
		D9D6486A1ADDAB0300459A16 /* VideoPreviewer */ = {
			isa = PBXGroup;
			children = (
				D9D6486B1ADDAB0300459A16 /* DJIDispatch.h */,
				D9D6486C1ADDAB0300459A16 /* DJIDispatch.m */,
				D9D6486D1ADDAB0300459A16 /* DJILinkQueue.h */,
				D9D6486E1ADDAB0300459A16 /* DJILinkQueue.m */,
				D9D6486F1ADDAB0300459A16 /* ffmpeg */,
				D9D648CF1ADDAB0400459A16 /* MovieGLView.h */,
				D9D648D01ADDAB0400459A16 /* MovieGLView.m */,
				D9D648D11ADDAB0400459A16 /* VideoFrameExtractor.h */,
				D9D648D21ADDAB0400459A16 /* VideoFrameExtractor.m */,
				D9D648D31ADDAB0400459A16 /* VideoPreviewer.h */,
				D9D648D41ADDAB0400459A16 /* VideoPreviewer.m */,
			);
			path = VideoPreviewer;
			sourceTree = "<group>";
		};
		D9D6486F1ADDAB0300459A16 /* ffmpeg */ = {
			isa = PBXGroup;
			children = (
				D9D648701ADDAB0300459A16 /* include */,
				D9D648C51ADDAB0400459A16 /* lib */,
			);
			path = ffmpeg;
			sourceTree = "<group>";
		};
		D9D648701ADDAB0300459A16 /* include */ = {
			isa = PBXGroup;
			children = (
				D9D648711ADDAB0300459A16 /* libavcodec */,
				D9D6487B1ADDAB0300459A16 /* libavdevice */,
				D9D6487E1ADDAB0300459A16 /* libavfilter */,
				D9D648861ADDAB0300459A16 /* libavformat */,
				D9D6488A1ADDAB0300459A16 /* libavresample */,
				D9D6488D1ADDAB0300459A16 /* libavutil */,
				D9D648BC1ADDAB0400459A16 /* libpostproc */,
				D9D648BF1ADDAB0400459A16 /* libswresample */,
				D9D648C21ADDAB0400459A16 /* libswscale */,
			);
			path = include;
			sourceTree = "<group>";
		};
		D9D648711ADDAB0300459A16 /* libavcodec */ = {
			isa = PBXGroup;
			children = (
				D9D648721ADDAB0300459A16 /* avcodec.h */,
				D9D648731ADDAB0300459A16 /* avfft.h */,
				D9D648741ADDAB0300459A16 /* dxva2.h */,
				D9D648751ADDAB0300459A16 /* old_codec_ids.h */,
				D9D648761ADDAB0300459A16 /* vaapi.h */,
				D9D648771ADDAB0300459A16 /* vda.h */,
				D9D648781ADDAB0300459A16 /* vdpau.h */,
				D9D648791ADDAB0300459A16 /* version.h */,
				D9D6487A1ADDAB0300459A16 /* xvmc.h */,
			);
			path = libavcodec;
			sourceTree = "<group>";
		};
		D9D6487B1ADDAB0300459A16 /* libavdevice */ = {
			isa = PBXGroup;
			children = (
				D9D6487C1ADDAB0300459A16 /* avdevice.h */,
				D9D6487D1ADDAB0300459A16 /* version.h */,
			);
			path = libavdevice;
			sourceTree = "<group>";
		};
		D9D6487E1ADDAB0300459A16 /* libavfilter */ = {
			isa = PBXGroup;
			children = (
				D9D6487F1ADDAB0300459A16 /* asrc_abuffer.h */,
				D9D648801ADDAB0300459A16 /* avcodec.h */,
				D9D648811ADDAB0300459A16 /* avfilter.h */,
				D9D648821ADDAB0300459A16 /* avfiltergraph.h */,
				D9D648831ADDAB0300459A16 /* buffersink.h */,
				D9D648841ADDAB0300459A16 /* buffersrc.h */,
				D9D648851ADDAB0300459A16 /* version.h */,
			);
			path = libavfilter;
			sourceTree = "<group>";
		};
		D9D648861ADDAB0300459A16 /* libavformat */ = {
			isa = PBXGroup;
			children = (
				D9D648871ADDAB0300459A16 /* avformat.h */,
				D9D648881ADDAB0300459A16 /* avio.h */,
				D9D648891ADDAB0300459A16 /* version.h */,
			);
			path = libavformat;
			sourceTree = "<group>";
		};
		D9D6488A1ADDAB0300459A16 /* libavresample */ = {
			isa = PBXGroup;
			children = (
				D9D6488B1ADDAB0300459A16 /* avresample.h */,
				D9D6488C1ADDAB0300459A16 /* version.h */,
			);
			path = libavresample;
			sourceTree = "<group>";
		};
		D9D6488D1ADDAB0300459A16 /* libavutil */ = {
			isa = PBXGroup;
			children = (
				D9D6488E1ADDAB0300459A16 /* adler32.h */,
				D9D6488F1ADDAB0300459A16 /* aes.h */,
				D9D648901ADDAB0300459A16 /* attributes.h */,
				D9D648911ADDAB0300459A16 /* audio_fifo.h */,
				D9D648921ADDAB0300459A16 /* audioconvert.h */,
				D9D648931ADDAB0300459A16 /* avassert.h */,
				D9D648941ADDAB0300459A16 /* avconfig.h */,
				D9D648951ADDAB0300459A16 /* avstring.h */,
				D9D648961ADDAB0300459A16 /* avutil.h */,
				D9D648971ADDAB0300459A16 /* base64.h */,
				D9D648981ADDAB0300459A16 /* blowfish.h */,
				D9D648991ADDAB0300459A16 /* bprint.h */,
				D9D6489A1ADDAB0300459A16 /* bswap.h */,
				D9D6489B1ADDAB0300459A16 /* channel_layout.h */,
				D9D6489C1ADDAB0300459A16 /* common.h */,
				D9D6489D1ADDAB0300459A16 /* cpu.h */,
				D9D6489E1ADDAB0300459A16 /* crc.h */,
				D9D6489F1ADDAB0300459A16 /* dict.h */,
				D9D648A01ADDAB0300459A16 /* error.h */,
				D9D648A11ADDAB0300459A16 /* eval.h */,
				D9D648A21ADDAB0300459A16 /* fifo.h */,
				D9D648A31ADDAB0300459A16 /* file.h */,
				D9D648A41ADDAB0300459A16 /* hmac.h */,
				D9D648A51ADDAB0300459A16 /* imgutils.h */,
				D9D648A61ADDAB0300459A16 /* intfloat.h */,
				D9D648A71ADDAB0300459A16 /* intfloat_readwrite.h */,
				D9D648A81ADDAB0300459A16 /* intreadwrite.h */,
				D9D648A91ADDAB0300459A16 /* lfg.h */,
				D9D648AA1ADDAB0300459A16 /* log.h */,
				D9D648AB1ADDAB0400459A16 /* mathematics.h */,
				D9D648AC1ADDAB0400459A16 /* md5.h */,
				D9D648AD1ADDAB0400459A16 /* mem.h */,
				D9D648AE1ADDAB0400459A16 /* old_pix_fmts.h */,
				D9D648AF1ADDAB0400459A16 /* opt.h */,
				D9D648B01ADDAB0400459A16 /* parseutils.h */,
				D9D648B11ADDAB0400459A16 /* pixdesc.h */,
				D9D648B21ADDAB0400459A16 /* pixfmt.h */,
				D9D648B31ADDAB0400459A16 /* random_seed.h */,
				D9D648B41ADDAB0400459A16 /* rational.h */,
				D9D648B51ADDAB0400459A16 /* samplefmt.h */,
				D9D648B61ADDAB0400459A16 /* sha.h */,
				D9D648B71ADDAB0400459A16 /* time.h */,
				D9D648B81ADDAB0400459A16 /* timecode.h */,
				D9D648B91ADDAB0400459A16 /* timestamp.h */,
				D9D648BA1ADDAB0400459A16 /* version.h */,
				D9D648BB1ADDAB0400459A16 /* xtea.h */,
			);
			path = libavutil;
			sourceTree = "<group>";
		};
		D9D648BC1ADDAB0400459A16 /* libpostproc */ = {
			isa = PBXGroup;
			children = (
				D9D648BD1ADDAB0400459A16 /* postprocess.h */,
				D9D648BE1ADDAB0400459A16 /* version.h */,
			);
			path = libpostproc;
			sourceTree = "<group>";
		};
		D9D648BF1ADDAB0400459A16 /* libswresample */ = {
			isa = PBXGroup;
			children = (
				D9D648C01ADDAB0400459A16 /* swresample.h */,
				D9D648C11ADDAB0400459A16 /* version.h */,
			);
			path = libswresample;
			sourceTree = "<group>";
		};
		D9D648C21ADDAB0400459A16 /* libswscale */ = {
			isa = PBXGroup;
			children = (
				D9D648C31ADDAB0400459A16 /* swscale.h */,
				D9D648C41ADDAB0400459A16 /* version.h */,
			);
			path = libswscale;
			sourceTree = "<group>";
		};
		D9D648C51ADDAB0400459A16 /* lib */ = {
			isa = PBXGroup;
			children = (
				D9D648C61ADDAB0400459A16 /* libavcodec.a */,
				D9D648C71ADDAB0400459A16 /* libavdevice.a */,
				D9D648C81ADDAB0400459A16 /* libavfilter.a */,
				D9D648C91ADDAB0400459A16 /* libavformat.a */,
				D9D648CA1ADDAB0400459A16 /* libavresample.a */,
				D9D648CB1ADDAB0400459A16 /* libavutil.a */,
				D9D648CC1ADDAB0400459A16 /* libpostproc.a */,
				D9D648CD1ADDAB0400459A16 /* libswresample.a */,
				D9D648CE1ADDAB0400459A16 /* libswscale.a */,
			);
			path = lib;
			sourceTree = "<group>";
		};
/* End PBXGroup section */

/* Begin PBXNativeTarget section */
		A6F4EF231AAD17D500C81065 /* droneControl */ = {
			isa = PBXNativeTarget;
			buildConfigurationList = A6F4EF471AAD17D500C81065 /* Build configuration list for PBXNativeTarget "droneControl" */;
			buildPhases = (
				A6F4EF201AAD17D500C81065 /* Sources */,
				A6F4EF211AAD17D500C81065 /* Frameworks */,
				A6F4EF221AAD17D500C81065 /* Resources */,
			);
			buildRules = (
			);
			dependencies = (
			);
			name = droneControl;
			productName = droneControl;
			productReference = A6F4EF241AAD17D500C81065 /* droneControl.app */;
			productType = "com.apple.product-type.application";
		};
		A6F4EF3C1AAD17D500C81065 /* droneControlTests */ = {
			isa = PBXNativeTarget;
			buildConfigurationList = A6F4EF4A1AAD17D500C81065 /* Build configuration list for PBXNativeTarget "droneControlTests" */;
			buildPhases = (
				A6F4EF391AAD17D500C81065 /* Sources */,
				A6F4EF3A1AAD17D500C81065 /* Frameworks */,
				A6F4EF3B1AAD17D500C81065 /* Resources */,
			);
			buildRules = (
			);
			dependencies = (
				A6F4EF3F1AAD17D500C81065 /* PBXTargetDependency */,
			);
			name = droneControlTests;
			productName = droneControlTests;
			productReference = A6F4EF3D1AAD17D500C81065 /* droneControlTests.xctest */;
			productType = "com.apple.product-type.bundle.unit-test";
		};
/* End PBXNativeTarget section */

/* Begin PBXProject section */
		A6F4EF1C1AAD17D500C81065 /* Project object */ = {
			isa = PBXProject;
			attributes = {
				LastUpgradeCheck = 0610;
				ORGANIZATIONNAME = bdw;
				TargetAttributes = {
					A6F4EF231AAD17D500C81065 = {
						CreatedOnToolsVersion = 6.1;
						DevelopmentTeam = FUTU96J3U9;
						SystemCapabilities = {
							com.apple.Maps.iOS = {
								enabled = 0;
							};
						};
					};
					A6F4EF3C1AAD17D500C81065 = {
						CreatedOnToolsVersion = 6.1;
						TestTargetID = A6F4EF231AAD17D500C81065;
					};
				};
			};
			buildConfigurationList = A6F4EF1F1AAD17D500C81065 /* Build configuration list for PBXProject "droneControl" */;
			compatibilityVersion = "Xcode 3.2";
			developmentRegion = English;
			hasScannedForEncodings = 0;
			knownRegions = (
				en,
				Base,
			);
			mainGroup = A6F4EF1B1AAD17D500C81065;
			productRefGroup = A6F4EF251AAD17D500C81065 /* Products */;
			projectDirPath = "";
			projectRoot = "";
			targets = (
				A6F4EF231AAD17D500C81065 /* droneControl */,
				A6F4EF3C1AAD17D500C81065 /* droneControlTests */,
			);
		};
/* End PBXProject section */

/* Begin PBXResourcesBuildPhase section */
		A6F4EF221AAD17D500C81065 /* Resources */ = {
			isa = PBXResourcesBuildPhase;
			buildActionMask = 2147483647;
			files = (
				46841DCB1AAD8DE500BB0BF1 /* HelloWorld_SAS.txt in Resources */,
				46841DDB1AAD8E8F00BB0BF1 /* BMWAppKitResources.bundle in Resources */,
				46CC89661ABB11FB009339BC /* ConnectedDrone_common_Images.zip in Resources */,
				46841DD91AAD8DE500BB0BF1 /* FA28E2F2-ACBE-4A8C-8A9B-CC8EB3472F7A.png in Resources */,
				A6F4EF331AAD17D500C81065 /* Main.storyboard in Resources */,
				46841DD21AAD8DE500BB0BF1 /* HelloWorldAppIcon_appswitcher.png in Resources */,
				A653914D1AEE00C800EA296A /* parking-icon.png in Resources */,
				46CC89671ABB11FB009339BC /* ConnectedDrone_HMI.xml in Resources */,
				46841DCF1AAD8DE500BB0BF1 /* org.eclipse.core.resources.prefs in Resources */,
				A600578D1AB163EB00BA64BF /* SiriMicrophone.png in Resources */,
				A6F4EF521AAD417200C81065 /* AcousticModelEnglish.bundle in Resources */,
				A6F4EF381AAD17D500C81065 /* LaunchScreen.xib in Resources */,
				D9FCDA561ADD8F6500D91DB7 /* DJICameraViewController.xib in Resources */,
				A6F4EF351AAD17D500C81065 /* Images.xcassets in Resources */,
				46841DCE1AAD8DE500BB0BF1 /* .project in Resources */,
				46841DD51AAD8DE500BB0BF1 /* FA28E2F2-ACBE-4A8C-8A9B-CC8EB3472F7A.json in Resources */,
				46CC89681ABB11FB009339BC /* ConnectedDrone.plist in Resources */,
			);
			runOnlyForDeploymentPostprocessing = 0;
		};
		A6F4EF3B1AAD17D500C81065 /* Resources */ = {
			isa = PBXResourcesBuildPhase;
			buildActionMask = 2147483647;
			files = (
			);
			runOnlyForDeploymentPostprocessing = 0;
		};
/* End PBXResourcesBuildPhase section */

/* Begin PBXSourcesBuildPhase section */
		A6F4EF201AAD17D500C81065 /* Sources */ = {
			isa = PBXSourcesBuildPhase;
			buildActionMask = 2147483647;
			files = (
				D9FCDA551ADD8F6500D91DB7 /* DJICameraViewController.mm in Sources */,
				A66415611AF9448000135A7D /* DJIDroneHelper.m in Sources */,
				46CC896B1ABB14AE009339BC /* BMWConnectedDroneDataSource.m in Sources */,
				D9D648E11ADDAB0400459A16 /* VideoFrameExtractor.m in Sources */,
				A62B4B5B1AFC71280016ED09 /* TransparentTouchView.mm in Sources */,
				4641635C1ADB3179004B75D0 /* AerialViewController.m in Sources */,
				46841DCD1AAD8DE500BB0BF1 /* RemoteApplicationManager.m in Sources */,
				D9D648E21ADDAB0400459A16 /* VideoPreviewer.m in Sources */,
				46CC89621ABB11F0009339BC /* BMWFindParkingView.m in Sources */,
				46AA69F11ADBB9E9009E0583 /* DroneController.m in Sources */,
				4648C3E41AEA4834005811B7 /* ParkingLot.m in Sources */,
				46841DEE1AAD91C900BB0BF1 /* LoggerClient.m in Sources */,
				466856971AF534A200AF1504 /* ParkingLotTableViewCell.m in Sources */,
				D9D648E01ADDAB0400459A16 /* MovieGLView.m in Sources */,
				A60057901AB169B200BA64BF /* SpeechController.m in Sources */,
				4641E4411AFC6D3E00E2FCC8 /* IntroPageViewController.m in Sources */,
				46841DE91AAD8FA400BB0BF1 /* SpeechDisplayViewController.m in Sources */,
				A6F4EF2D1AAD17D500C81065 /* AppDelegate.m in Sources */,
				46CC896D1ABB160A009339BC /* BMWConnectedDroneViewController.m in Sources */,
				A61493F81AFB246E0020F616 /* CoordinatePointTuple.m in Sources */,
				A6F4EF2A1AAD17D500C81065 /* main.m in Sources */,
				A65391491AEDFCE100EA296A /* NearbyParkingTableViewController.m in Sources */,
				46CC895D1ABB1100009339BC /* ConnectedDroneHmiProvider.m in Sources */,
				46841DF21AAD91EC00BB0BF1 /* IDNSLoggerAppender.m in Sources */,
				462954F61AEA1F6D00B5CF4B /* ParkingLotFinder.m in Sources */,
				463D6F021ADDC51D0011A329 /* SpotConfirmViewController.m in Sources */,
			);
			runOnlyForDeploymentPostprocessing = 0;
		};
		A6F4EF391AAD17D500C81065 /* Sources */ = {
			isa = PBXSourcesBuildPhase;
			buildActionMask = 2147483647;
			files = (
				A6F4EF441AAD17D500C81065 /* droneControlTests.m in Sources */,
			);
			runOnlyForDeploymentPostprocessing = 0;
		};
/* End PBXSourcesBuildPhase section */

/* Begin PBXTargetDependency section */
		A6F4EF3F1AAD17D500C81065 /* PBXTargetDependency */ = {
			isa = PBXTargetDependency;
			target = A6F4EF231AAD17D500C81065 /* droneControl */;
			targetProxy = A6F4EF3E1AAD17D500C81065 /* PBXContainerItemProxy */;
		};
/* End PBXTargetDependency section */

/* Begin PBXVariantGroup section */
		A6F4EF311AAD17D500C81065 /* Main.storyboard */ = {
			isa = PBXVariantGroup;
			children = (
				A6F4EF321AAD17D500C81065 /* Base */,
			);
			name = Main.storyboard;
			sourceTree = "<group>";
		};
		A6F4EF361AAD17D500C81065 /* LaunchScreen.xib */ = {
			isa = PBXVariantGroup;
			children = (
				A6F4EF371AAD17D500C81065 /* Base */,
			);
			name = LaunchScreen.xib;
			sourceTree = "<group>";
		};
/* End PBXVariantGroup section */

/* Begin XCBuildConfiguration section */
		A6F4EF451AAD17D500C81065 /* Debug */ = {
			isa = XCBuildConfiguration;
			buildSettings = {
				ALWAYS_SEARCH_USER_PATHS = NO;
				CLANG_CXX_LANGUAGE_STANDARD = "gnu++0x";
				CLANG_CXX_LIBRARY = "libc++";
				CLANG_ENABLE_MODULES = YES;
				CLANG_ENABLE_OBJC_ARC = YES;
				CLANG_WARN_BOOL_CONVERSION = YES;
				CLANG_WARN_CONSTANT_CONVERSION = YES;
				CLANG_WARN_DIRECT_OBJC_ISA_USAGE = YES_ERROR;
				CLANG_WARN_EMPTY_BODY = YES;
				CLANG_WARN_ENUM_CONVERSION = YES;
				CLANG_WARN_INT_CONVERSION = YES;
				CLANG_WARN_OBJC_ROOT_CLASS = YES_ERROR;
				CLANG_WARN_UNREACHABLE_CODE = YES;
				CLANG_WARN__DUPLICATE_METHOD_MATCH = YES;
				CODE_SIGN_IDENTITY = "iPhone Developer: Ellen Sebastian (J5C8V44FXH)";
				"CODE_SIGN_IDENTITY[sdk=iphoneos*]" = "iPhone Developer";
				COPY_PHASE_STRIP = NO;
				ENABLE_STRICT_OBJC_MSGSEND = YES;
				GCC_C_LANGUAGE_STANDARD = gnu99;
				GCC_DYNAMIC_NO_PIC = NO;
				GCC_OPTIMIZATION_LEVEL = 0;
				GCC_PREPROCESSOR_DEFINITIONS = (
					"DEBUG=1",
					"$(inherited)",
				);
				GCC_SYMBOLS_PRIVATE_EXTERN = NO;
				GCC_WARN_64_TO_32_BIT_CONVERSION = YES;
				GCC_WARN_ABOUT_RETURN_TYPE = YES_ERROR;
				GCC_WARN_UNDECLARED_SELECTOR = YES;
				GCC_WARN_UNINITIALIZED_AUTOS = YES_AGGRESSIVE;
				GCC_WARN_UNUSED_FUNCTION = YES;
				GCC_WARN_UNUSED_VARIABLE = YES;
				IPHONEOS_DEPLOYMENT_TARGET = 7.0;
				MTL_ENABLE_DEBUG_INFO = YES;
				ONLY_ACTIVE_ARCH = YES;
				PROVISIONING_PROFILE = "009ea313-b25f-4ec8-811c-2c36330d6b82";
				SDKROOT = iphoneos;
				TARGETED_DEVICE_FAMILY = "1,2";
			};
			name = Debug;
		};
		A6F4EF461AAD17D500C81065 /* Release */ = {
			isa = XCBuildConfiguration;
			buildSettings = {
				ALWAYS_SEARCH_USER_PATHS = NO;
				CLANG_CXX_LANGUAGE_STANDARD = "gnu++0x";
				CLANG_CXX_LIBRARY = "libc++";
				CLANG_ENABLE_MODULES = YES;
				CLANG_ENABLE_OBJC_ARC = YES;
				CLANG_WARN_BOOL_CONVERSION = YES;
				CLANG_WARN_CONSTANT_CONVERSION = YES;
				CLANG_WARN_DIRECT_OBJC_ISA_USAGE = YES_ERROR;
				CLANG_WARN_EMPTY_BODY = YES;
				CLANG_WARN_ENUM_CONVERSION = YES;
				CLANG_WARN_INT_CONVERSION = YES;
				CLANG_WARN_OBJC_ROOT_CLASS = YES_ERROR;
				CLANG_WARN_UNREACHABLE_CODE = YES;
				CLANG_WARN__DUPLICATE_METHOD_MATCH = YES;
				CODE_SIGN_IDENTITY = "iPhone Developer: Ellen Sebastian (J5C8V44FXH)";
				"CODE_SIGN_IDENTITY[sdk=iphoneos*]" = "iPhone Developer";
				COPY_PHASE_STRIP = YES;
				ENABLE_NS_ASSERTIONS = NO;
				ENABLE_STRICT_OBJC_MSGSEND = YES;
				GCC_C_LANGUAGE_STANDARD = gnu99;
				GCC_WARN_64_TO_32_BIT_CONVERSION = YES;
				GCC_WARN_ABOUT_RETURN_TYPE = YES_ERROR;
				GCC_WARN_UNDECLARED_SELECTOR = YES;
				GCC_WARN_UNINITIALIZED_AUTOS = YES_AGGRESSIVE;
				GCC_WARN_UNUSED_FUNCTION = YES;
				GCC_WARN_UNUSED_VARIABLE = YES;
				IPHONEOS_DEPLOYMENT_TARGET = 7.0;
				MTL_ENABLE_DEBUG_INFO = NO;
				PROVISIONING_PROFILE = "009ea313-b25f-4ec8-811c-2c36330d6b82";
				SDKROOT = iphoneos;
				TARGETED_DEVICE_FAMILY = "1,2";
				VALIDATE_PRODUCT = YES;
			};
			name = Release;
		};
		A6F4EF481AAD17D500C81065 /* Debug */ = {
			isa = XCBuildConfiguration;
			buildSettings = {
				ASSETCATALOG_COMPILER_APPICON_NAME = AppIcon;
				CLANG_ENABLE_MODULES = YES;
				CODE_SIGN_IDENTITY = "iPhone Developer";
				"CODE_SIGN_IDENTITY[sdk=iphoneos*]" = "iPhone Developer";
				FRAMEWORK_SEARCH_PATHS = (
					"$(inherited)",
					"$(PROJECT_DIR)/droneControl",
				);
				HEADER_SEARCH_PATHS = (
					"$(inherited)",
					/Applications/Xcode.app/Contents/Developer/Toolchains/XcodeDefault.xctoolchain/usr/include,
					"\"$(SRCROOT)/droneControl/VideoPreviewer/ffmpeg/include\"",
				);
				INFOPLIST_FILE = droneControl/Info.plist;
				IPHONEOS_DEPLOYMENT_TARGET = 8.0;
				LD_RUNPATH_SEARCH_PATHS = "$(inherited) @executable_path/Frameworks";
				LIBRARY_SEARCH_PATHS = (
					"\"$(SRCROOT)/droneControl/VideoPreviewer/ffmpeg/lib\"",
					"$(PROJECT_DIR)/droneControl/VideoPreviewer/ffmpeg/lib",
				);
				OTHER_LDFLAGS = "-ObjC";
				PRODUCT_NAME = "$(TARGET_NAME)";
				PROVISIONING_PROFILE = "";
				SCAN_ALL_SOURCE_FILES_FOR_INCLUDES = NO;
				SWIFT_OBJC_BRIDGING_HEADER = "BMW/droneControl-Bridging-Header.h";
				SWIFT_OPTIMIZATION_LEVEL = "-Onone";
				USER_HEADER_SEARCH_PATHS = "";
			};
			name = Debug;
		};
		A6F4EF491AAD17D500C81065 /* Release */ = {
			isa = XCBuildConfiguration;
			buildSettings = {
				ASSETCATALOG_COMPILER_APPICON_NAME = AppIcon;
				CLANG_ENABLE_MODULES = YES;
				CODE_SIGN_IDENTITY = "iPhone Developer";
				"CODE_SIGN_IDENTITY[sdk=iphoneos*]" = "iPhone Developer";
				FRAMEWORK_SEARCH_PATHS = (
					"$(inherited)",
					"$(PROJECT_DIR)/droneControl",
				);
				HEADER_SEARCH_PATHS = (
					"$(inherited)",
					/Applications/Xcode.app/Contents/Developer/Toolchains/XcodeDefault.xctoolchain/usr/include,
					"\"$(SRCROOT)/droneControl/VideoPreviewer/ffmpeg/include\"",
				);
				INFOPLIST_FILE = droneControl/Info.plist;
				IPHONEOS_DEPLOYMENT_TARGET = 8.0;
				LD_RUNPATH_SEARCH_PATHS = "$(inherited) @executable_path/Frameworks";
				LIBRARY_SEARCH_PATHS = (
					"\"$(SRCROOT)/droneControl/VideoPreviewer/ffmpeg/lib\"",
					"$(PROJECT_DIR)/droneControl/VideoPreviewer/ffmpeg/lib",
				);
				OTHER_LDFLAGS = "-ObjC";
				PRODUCT_NAME = "$(TARGET_NAME)";
				PROVISIONING_PROFILE = "";
				SCAN_ALL_SOURCE_FILES_FOR_INCLUDES = NO;
				SWIFT_OBJC_BRIDGING_HEADER = "BMW/droneControl-Bridging-Header.h";
				USER_HEADER_SEARCH_PATHS = "";
			};
			name = Release;
		};
		A6F4EF4B1AAD17D500C81065 /* Debug */ = {
			isa = XCBuildConfiguration;
			buildSettings = {
				BUNDLE_LOADER = "$(TEST_HOST)";
				CODE_SIGN_IDENTITY = "";
				FRAMEWORK_SEARCH_PATHS = (
					"$(SDKROOT)/Developer/Library/Frameworks",
					"$(inherited)",
				);
				GCC_PREPROCESSOR_DEFINITIONS = (
					"DEBUG=1",
					"$(inherited)",
				);
				INFOPLIST_FILE = droneControlTests/Info.plist;
				IPHONEOS_DEPLOYMENT_TARGET = 8.0;
				LD_RUNPATH_SEARCH_PATHS = "$(inherited) @executable_path/Frameworks @loader_path/Frameworks";
				PRODUCT_NAME = "$(TARGET_NAME)";
				TEST_HOST = "$(BUILT_PRODUCTS_DIR)/droneControl.app/droneControl";
			};
			name = Debug;
		};
		A6F4EF4C1AAD17D500C81065 /* Release */ = {
			isa = XCBuildConfiguration;
			buildSettings = {
				BUNDLE_LOADER = "$(TEST_HOST)";
				CODE_SIGN_IDENTITY = "";
				FRAMEWORK_SEARCH_PATHS = (
					"$(SDKROOT)/Developer/Library/Frameworks",
					"$(inherited)",
				);
				INFOPLIST_FILE = droneControlTests/Info.plist;
				IPHONEOS_DEPLOYMENT_TARGET = 8.0;
				LD_RUNPATH_SEARCH_PATHS = "$(inherited) @executable_path/Frameworks @loader_path/Frameworks";
				PRODUCT_NAME = "$(TARGET_NAME)";
				TEST_HOST = "$(BUILT_PRODUCTS_DIR)/droneControl.app/droneControl";
			};
			name = Release;
		};
/* End XCBuildConfiguration section */

/* Begin XCConfigurationList section */
		A6F4EF1F1AAD17D500C81065 /* Build configuration list for PBXProject "droneControl" */ = {
			isa = XCConfigurationList;
			buildConfigurations = (
				A6F4EF451AAD17D500C81065 /* Debug */,
				A6F4EF461AAD17D500C81065 /* Release */,
			);
			defaultConfigurationIsVisible = 0;
			defaultConfigurationName = Release;
		};
		A6F4EF471AAD17D500C81065 /* Build configuration list for PBXNativeTarget "droneControl" */ = {
			isa = XCConfigurationList;
			buildConfigurations = (
				A6F4EF481AAD17D500C81065 /* Debug */,
				A6F4EF491AAD17D500C81065 /* Release */,
			);
			defaultConfigurationIsVisible = 0;
			defaultConfigurationName = Release;
		};
		A6F4EF4A1AAD17D500C81065 /* Build configuration list for PBXNativeTarget "droneControlTests" */ = {
			isa = XCConfigurationList;
			buildConfigurations = (
				A6F4EF4B1AAD17D500C81065 /* Debug */,
				A6F4EF4C1AAD17D500C81065 /* Release */,
			);
			defaultConfigurationIsVisible = 0;
			defaultConfigurationName = Release;
		};
/* End XCConfigurationList section */
	};
	rootObject = A6F4EF1C1AAD17D500C81065 /* Project object */;
}
