// !$*UTF8*$!
{
	archiveVersion = 1;
	classes = {
	};
	objectVersion = 46;
	objects = {

/* Begin PBXBuildFile section */
		A6F4EF2A1AAD17D500C81065 /* main.m in Sources */ = {isa = PBXBuildFile; fileRef = A6F4EF291AAD17D500C81065 /* main.m */; };
		A6F4EF2D1AAD17D500C81065 /* AppDelegate.m in Sources */ = {isa = PBXBuildFile; fileRef = A6F4EF2C1AAD17D500C81065 /* AppDelegate.m */; };
		A6F4EF301AAD17D500C81065 /* ViewController.m in Sources */ = {isa = PBXBuildFile; fileRef = A6F4EF2F1AAD17D500C81065 /* ViewController.m */; };
		A6F4EF331AAD17D500C81065 /* Main.storyboard in Resources */ = {isa = PBXBuildFile; fileRef = A6F4EF311AAD17D500C81065 /* Main.storyboard */; };
		A6F4EF351AAD17D500C81065 /* Images.xcassets in Resources */ = {isa = PBXBuildFile; fileRef = A6F4EF341AAD17D500C81065 /* Images.xcassets */; };
		A6F4EF381AAD17D500C81065 /* LaunchScreen.xib in Resources */ = {isa = PBXBuildFile; fileRef = A6F4EF361AAD17D500C81065 /* LaunchScreen.xib */; };
		A6F4EF441AAD17D500C81065 /* droneControlTests.m in Sources */ = {isa = PBXBuildFile; fileRef = A6F4EF431AAD17D500C81065 /* droneControlTests.m */; };
		A6F4EF4E1AAD3EA300C81065 /* OpenEars.framework in Frameworks */ = {isa = PBXBuildFile; fileRef = A6F4EF4D1AAD3EA300C81065 /* OpenEars.framework */; };
		A6F4EF501AAD416900C81065 /* Slt.framework in Frameworks */ = {isa = PBXBuildFile; fileRef = A6F4EF4F1AAD416900C81065 /* Slt.framework */; };
		A6F4EF521AAD417200C81065 /* AcousticModelEnglish.bundle in Resources */ = {isa = PBXBuildFile; fileRef = A6F4EF511AAD417200C81065 /* AcousticModelEnglish.bundle */; };
/* End PBXBuildFile section */

/* Begin PBXContainerItemProxy section */
		A6F4EF3E1AAD17D500C81065 /* PBXContainerItemProxy */ = {
			isa = PBXContainerItemProxy;
			containerPortal = A6F4EF1C1AAD17D500C81065 /* Project object */;
			proxyType = 1;
			remoteGlobalIDString = A6F4EF231AAD17D500C81065;
			remoteInfo = droneControl;
		};
/* End PBXContainerItemProxy section */

/* Begin PBXFileReference section */
		A6F4EF241AAD17D500C81065 /* droneControl.app */ = {isa = PBXFileReference; explicitFileType = wrapper.application; includeInIndex = 0; path = droneControl.app; sourceTree = BUILT_PRODUCTS_DIR; };
		A6F4EF281AAD17D500C81065 /* Info.plist */ = {isa = PBXFileReference; lastKnownFileType = text.plist.xml; path = Info.plist; sourceTree = "<group>"; };
		A6F4EF291AAD17D500C81065 /* main.m */ = {isa = PBXFileReference; lastKnownFileType = sourcecode.c.objc; path = main.m; sourceTree = "<group>"; };
		A6F4EF2B1AAD17D500C81065 /* AppDelegate.h */ = {isa = PBXFileReference; lastKnownFileType = sourcecode.c.h; path = AppDelegate.h; sourceTree = "<group>"; };
		A6F4EF2C1AAD17D500C81065 /* AppDelegate.m */ = {isa = PBXFileReference; lastKnownFileType = sourcecode.c.objc; path = AppDelegate.m; sourceTree = "<group>"; };
		A6F4EF2E1AAD17D500C81065 /* ViewController.h */ = {isa = PBXFileReference; lastKnownFileType = sourcecode.c.h; path = ViewController.h; sourceTree = "<group>"; };
		A6F4EF2F1AAD17D500C81065 /* ViewController.m */ = {isa = PBXFileReference; lastKnownFileType = sourcecode.c.objc; path = ViewController.m; sourceTree = "<group>"; };
		A6F4EF321AAD17D500C81065 /* Base */ = {isa = PBXFileReference; lastKnownFileType = file.storyboard; name = Base; path = Base.lproj/Main.storyboard; sourceTree = "<group>"; };
		A6F4EF341AAD17D500C81065 /* Images.xcassets */ = {isa = PBXFileReference; lastKnownFileType = folder.assetcatalog; path = Images.xcassets; sourceTree = "<group>"; };
		A6F4EF371AAD17D500C81065 /* Base */ = {isa = PBXFileReference; lastKnownFileType = file.xib; name = Base; path = Base.lproj/LaunchScreen.xib; sourceTree = "<group>"; };
		A6F4EF3D1AAD17D500C81065 /* droneControlTests.xctest */ = {isa = PBXFileReference; explicitFileType = wrapper.cfbundle; includeInIndex = 0; path = droneControlTests.xctest; sourceTree = BUILT_PRODUCTS_DIR; };
		A6F4EF421AAD17D500C81065 /* Info.plist */ = {isa = PBXFileReference; lastKnownFileType = text.plist.xml; path = Info.plist; sourceTree = "<group>"; };
		A6F4EF431AAD17D500C81065 /* droneControlTests.m */ = {isa = PBXFileReference; lastKnownFileType = sourcecode.c.objc; path = droneControlTests.m; sourceTree = "<group>"; };
		A6F4EF4D1AAD3EA300C81065 /* OpenEars.framework */ = {isa = PBXFileReference; lastKnownFileType = wrapper.framework; path = OpenEars.framework; sourceTree = "<group>"; };
		A6F4EF4F1AAD416900C81065 /* Slt.framework */ = {isa = PBXFileReference; lastKnownFileType = wrapper.framework; path = Slt.framework; sourceTree = "<group>"; };
		A6F4EF511AAD417200C81065 /* AcousticModelEnglish.bundle */ = {isa = PBXFileReference; lastKnownFileType = "wrapper.plug-in"; path = AcousticModelEnglish.bundle; sourceTree = "<group>"; };
/* End PBXFileReference section */

/* Begin PBXFrameworksBuildPhase section */
		A6F4EF211AAD17D500C81065 /* Frameworks */ = {
			isa = PBXFrameworksBuildPhase;
			buildActionMask = 2147483647;
			files = (
				A6F4EF501AAD416900C81065 /* Slt.framework in Frameworks */,
				A6F4EF4E1AAD3EA300C81065 /* OpenEars.framework in Frameworks */,
			);
			runOnlyForDeploymentPostprocessing = 0;
		};
		A6F4EF3A1AAD17D500C81065 /* Frameworks */ = {
			isa = PBXFrameworksBuildPhase;
			buildActionMask = 2147483647;
			files = (
			);
			runOnlyForDeploymentPostprocessing = 0;
		};
/* End PBXFrameworksBuildPhase section */

/* Begin PBXGroup section */
		A6F4EF1B1AAD17D500C81065 = {
			isa = PBXGroup;
			children = (
				A6F4EF261AAD17D500C81065 /* droneControl */,
				A6F4EF401AAD17D500C81065 /* droneControlTests */,
				A6F4EF251AAD17D500C81065 /* Products */,
			);
			sourceTree = "<group>";
		};
		A6F4EF251AAD17D500C81065 /* Products */ = {
			isa = PBXGroup;
			children = (
				A6F4EF241AAD17D500C81065 /* droneControl.app */,
				A6F4EF3D1AAD17D500C81065 /* droneControlTests.xctest */,
			);
			name = Products;
			sourceTree = "<group>";
		};
		A6F4EF261AAD17D500C81065 /* droneControl */ = {
			isa = PBXGroup;
			children = (
				A6F4EF511AAD417200C81065 /* AcousticModelEnglish.bundle */,
				A6F4EF4F1AAD416900C81065 /* Slt.framework */,
				A6F4EF4D1AAD3EA300C81065 /* OpenEars.framework */,
				A6F4EF2B1AAD17D500C81065 /* AppDelegate.h */,
				A6F4EF2C1AAD17D500C81065 /* AppDelegate.m */,
				A6F4EF2E1AAD17D500C81065 /* ViewController.h */,
				A6F4EF2F1AAD17D500C81065 /* ViewController.m */,
				A6F4EF311AAD17D500C81065 /* Main.storyboard */,
				A6F4EF341AAD17D500C81065 /* Images.xcassets */,
				A6F4EF361AAD17D500C81065 /* LaunchScreen.xib */,
				A6F4EF271AAD17D500C81065 /* Supporting Files */,
			);
			path = droneControl;
			sourceTree = "<group>";
		};
		A6F4EF271AAD17D500C81065 /* Supporting Files */ = {
			isa = PBXGroup;
			children = (
				A6F4EF281AAD17D500C81065 /* Info.plist */,
				A6F4EF291AAD17D500C81065 /* main.m */,
			);
			name = "Supporting Files";
			sourceTree = "<group>";
		};
		A6F4EF401AAD17D500C81065 /* droneControlTests */ = {
			isa = PBXGroup;
			children = (
				A6F4EF431AAD17D500C81065 /* droneControlTests.m */,
				A6F4EF411AAD17D500C81065 /* Supporting Files */,
			);
			path = droneControlTests;
			sourceTree = "<group>";
		};
		A6F4EF411AAD17D500C81065 /* Supporting Files */ = {
			isa = PBXGroup;
			children = (
				A6F4EF421AAD17D500C81065 /* Info.plist */,
			);
			name = "Supporting Files";
			sourceTree = "<group>";
		};
/* End PBXGroup section */

/* Begin PBXNativeTarget section */
		A6F4EF231AAD17D500C81065 /* droneControl */ = {
			isa = PBXNativeTarget;
			buildConfigurationList = A6F4EF471AAD17D500C81065 /* Build configuration list for PBXNativeTarget "droneControl" */;
			buildPhases = (
				A6F4EF201AAD17D500C81065 /* Sources */,
				A6F4EF211AAD17D500C81065 /* Frameworks */,
				A6F4EF221AAD17D500C81065 /* Resources */,
			);
			buildRules = (
			);
			dependencies = (
			);
			name = droneControl;
			productName = droneControl;
			productReference = A6F4EF241AAD17D500C81065 /* droneControl.app */;
			productType = "com.apple.product-type.application";
		};
		A6F4EF3C1AAD17D500C81065 /* droneControlTests */ = {
			isa = PBXNativeTarget;
			buildConfigurationList = A6F4EF4A1AAD17D500C81065 /* Build configuration list for PBXNativeTarget "droneControlTests" */;
			buildPhases = (
				A6F4EF391AAD17D500C81065 /* Sources */,
				A6F4EF3A1AAD17D500C81065 /* Frameworks */,
				A6F4EF3B1AAD17D500C81065 /* Resources */,
			);
			buildRules = (
			);
			dependencies = (
				A6F4EF3F1AAD17D500C81065 /* PBXTargetDependency */,
			);
			name = droneControlTests;
			productName = droneControlTests;
			productReference = A6F4EF3D1AAD17D500C81065 /* droneControlTests.xctest */;
			productType = "com.apple.product-type.bundle.unit-test";
		};
/* End PBXNativeTarget section */

/* Begin PBXProject section */
		A6F4EF1C1AAD17D500C81065 /* Project object */ = {
			isa = PBXProject;
			attributes = {
				LastUpgradeCheck = 0610;
				ORGANIZATIONNAME = bdw;
				TargetAttributes = {
					A6F4EF231AAD17D500C81065 = {
						CreatedOnToolsVersion = 6.1;
					};
					A6F4EF3C1AAD17D500C81065 = {
						CreatedOnToolsVersion = 6.1;
						TestTargetID = A6F4EF231AAD17D500C81065;
					};
				};
			};
			buildConfigurationList = A6F4EF1F1AAD17D500C81065 /* Build configuration list for PBXProject "droneControl" */;
			compatibilityVersion = "Xcode 3.2";
			developmentRegion = English;
			hasScannedForEncodings = 0;
			knownRegions = (
				en,
				Base,
			);
			mainGroup = A6F4EF1B1AAD17D500C81065;
			productRefGroup = A6F4EF251AAD17D500C81065 /* Products */;
			projectDirPath = "";
			projectRoot = "";
			targets = (
				A6F4EF231AAD17D500C81065 /* droneControl */,
				A6F4EF3C1AAD17D500C81065 /* droneControlTests */,
			);
		};
/* End PBXProject section */

/* Begin PBXResourcesBuildPhase section */
		A6F4EF221AAD17D500C81065 /* Resources */ = {
			isa = PBXResourcesBuildPhase;
			buildActionMask = 2147483647;
			files = (
				A6F4EF331AAD17D500C81065 /* Main.storyboard in Resources */,
				A6F4EF521AAD417200C81065 /* AcousticModelEnglish.bundle in Resources */,
				A6F4EF381AAD17D500C81065 /* LaunchScreen.xib in Resources */,
				A6F4EF351AAD17D500C81065 /* Images.xcassets in Resources */,
			);
			runOnlyForDeploymentPostprocessing = 0;
		};
		A6F4EF3B1AAD17D500C81065 /* Resources */ = {
			isa = PBXResourcesBuildPhase;
			buildActionMask = 2147483647;
			files = (
			);
			runOnlyForDeploymentPostprocessing = 0;
		};
/* End PBXResourcesBuildPhase section */

/* Begin PBXSourcesBuildPhase section */
		A6F4EF201AAD17D500C81065 /* Sources */ = {
			isa = PBXSourcesBuildPhase;
			buildActionMask = 2147483647;
			files = (
				A6F4EF301AAD17D500C81065 /* ViewController.m in Sources */,
				A6F4EF2D1AAD17D500C81065 /* AppDelegate.m in Sources */,
				A6F4EF2A1AAD17D500C81065 /* main.m in Sources */,
			);
			runOnlyForDeploymentPostprocessing = 0;
		};
		A6F4EF391AAD17D500C81065 /* Sources */ = {
			isa = PBXSourcesBuildPhase;
			buildActionMask = 2147483647;
			files = (
				A6F4EF441AAD17D500C81065 /* droneControlTests.m in Sources */,
			);
			runOnlyForDeploymentPostprocessing = 0;
		};
/* End PBXSourcesBuildPhase section */

/* Begin PBXTargetDependency section */
		A6F4EF3F1AAD17D500C81065 /* PBXTargetDependency */ = {
			isa = PBXTargetDependency;
			target = A6F4EF231AAD17D500C81065 /* droneControl */;
			targetProxy = A6F4EF3E1AAD17D500C81065 /* PBXContainerItemProxy */;
		};
/* End PBXTargetDependency section */

/* Begin PBXVariantGroup section */
		A6F4EF311AAD17D500C81065 /* Main.storyboard */ = {
			isa = PBXVariantGroup;
			children = (
				A6F4EF321AAD17D500C81065 /* Base */,
			);
			name = Main.storyboard;
			sourceTree = "<group>";
		};
		A6F4EF361AAD17D500C81065 /* LaunchScreen.xib */ = {
			isa = PBXVariantGroup;
			children = (
				A6F4EF371AAD17D500C81065 /* Base */,
			);
			name = LaunchScreen.xib;
			sourceTree = "<group>";
		};
/* End PBXVariantGroup section */

/* Begin XCBuildConfiguration section */
		A6F4EF451AAD17D500C81065 /* Debug */ = {
			isa = XCBuildConfiguration;
			buildSettings = {
				ALWAYS_SEARCH_USER_PATHS = NO;
				CLANG_CXX_LANGUAGE_STANDARD = "gnu++0x";
				CLANG_CXX_LIBRARY = "libc++";
				CLANG_ENABLE_MODULES = YES;
				CLANG_ENABLE_OBJC_ARC = YES;
				CLANG_WARN_BOOL_CONVERSION = YES;
				CLANG_WARN_CONSTANT_CONVERSION = YES;
				CLANG_WARN_DIRECT_OBJC_ISA_USAGE = YES_ERROR;
				CLANG_WARN_EMPTY_BODY = YES;
				CLANG_WARN_ENUM_CONVERSION = YES;
				CLANG_WARN_INT_CONVERSION = YES;
				CLANG_WARN_OBJC_ROOT_CLASS = YES_ERROR;
				CLANG_WARN_UNREACHABLE_CODE = YES;
				CLANG_WARN__DUPLICATE_METHOD_MATCH = YES;
				"CODE_SIGN_IDENTITY[sdk=iphoneos*]" = "iPhone Developer";
				COPY_PHASE_STRIP = NO;
				ENABLE_STRICT_OBJC_MSGSEND = YES;
				GCC_C_LANGUAGE_STANDARD = gnu99;
				GCC_DYNAMIC_NO_PIC = NO;
				GCC_OPTIMIZATION_LEVEL = 0;
				GCC_PREPROCESSOR_DEFINITIONS = (
					"DEBUG=1",
					"$(inherited)",
				);
				GCC_SYMBOLS_PRIVATE_EXTERN = NO;
				GCC_WARN_64_TO_32_BIT_CONVERSION = YES;
				GCC_WARN_ABOUT_RETURN_TYPE = YES_ERROR;
				GCC_WARN_UNDECLARED_SELECTOR = YES;
				GCC_WARN_UNINITIALIZED_AUTOS = YES_AGGRESSIVE;
				GCC_WARN_UNUSED_FUNCTION = YES;
				GCC_WARN_UNUSED_VARIABLE = YES;
				IPHONEOS_DEPLOYMENT_TARGET = 8.1;
				MTL_ENABLE_DEBUG_INFO = YES;
				ONLY_ACTIVE_ARCH = YES;
				SDKROOT = iphoneos;
			};
			name = Debug;
		};
		A6F4EF461AAD17D500C81065 /* Release */ = {
			isa = XCBuildConfiguration;
			buildSettings = {
				ALWAYS_SEARCH_USER_PATHS = NO;
				CLANG_CXX_LANGUAGE_STANDARD = "gnu++0x";
				CLANG_CXX_LIBRARY = "libc++";
				CLANG_ENABLE_MODULES = YES;
				CLANG_ENABLE_OBJC_ARC = YES;
				CLANG_WARN_BOOL_CONVERSION = YES;
				CLANG_WARN_CONSTANT_CONVERSION = YES;
				CLANG_WARN_DIRECT_OBJC_ISA_USAGE = YES_ERROR;
				CLANG_WARN_EMPTY_BODY = YES;
				CLANG_WARN_ENUM_CONVERSION = YES;
				CLANG_WARN_INT_CONVERSION = YES;
				CLANG_WARN_OBJC_ROOT_CLASS = YES_ERROR;
				CLANG_WARN_UNREACHABLE_CODE = YES;
				CLANG_WARN__DUPLICATE_METHOD_MATCH = YES;
				"CODE_SIGN_IDENTITY[sdk=iphoneos*]" = "iPhone Developer";
				COPY_PHASE_STRIP = YES;
				ENABLE_NS_ASSERTIONS = NO;
				ENABLE_STRICT_OBJC_MSGSEND = YES;
				GCC_C_LANGUAGE_STANDARD = gnu99;
				GCC_WARN_64_TO_32_BIT_CONVERSION = YES;
				GCC_WARN_ABOUT_RETURN_TYPE = YES_ERROR;
				GCC_WARN_UNDECLARED_SELECTOR = YES;
				GCC_WARN_UNINITIALIZED_AUTOS = YES_AGGRESSIVE;
				GCC_WARN_UNUSED_FUNCTION = YES;
				GCC_WARN_UNUSED_VARIABLE = YES;
				IPHONEOS_DEPLOYMENT_TARGET = 8.1;
				MTL_ENABLE_DEBUG_INFO = NO;
				SDKROOT = iphoneos;
				VALIDATE_PRODUCT = YES;
			};
			name = Release;
		};
		A6F4EF481AAD17D500C81065 /* Debug */ = {
			isa = XCBuildConfiguration;
			buildSettings = {
				ASSETCATALOG_COMPILER_APPICON_NAME = AppIcon;
				FRAMEWORK_SEARCH_PATHS = (
					"$(inherited)",
					"$(PROJECT_DIR)/droneControl",
				);
				INFOPLIST_FILE = droneControl/Info.plist;
				LD_RUNPATH_SEARCH_PATHS = "$(inherited) @executable_path/Frameworks";
				PRODUCT_NAME = "$(TARGET_NAME)";
			};
			name = Debug;
		};
		A6F4EF491AAD17D500C81065 /* Release */ = {
			isa = XCBuildConfiguration;
			buildSettings = {
				ASSETCATALOG_COMPILER_APPICON_NAME = AppIcon;
				FRAMEWORK_SEARCH_PATHS = (
					"$(inherited)",
					"$(PROJECT_DIR)/droneControl",
				);
				INFOPLIST_FILE = droneControl/Info.plist;
				LD_RUNPATH_SEARCH_PATHS = "$(inherited) @executable_path/Frameworks";
				PRODUCT_NAME = "$(TARGET_NAME)";
			};
			name = Release;
		};
		A6F4EF4B1AAD17D500C81065 /* Debug */ = {
			isa = XCBuildConfiguration;
			buildSettings = {
				BUNDLE_LOADER = "$(TEST_HOST)";
				FRAMEWORK_SEARCH_PATHS = (
					"$(SDKROOT)/Developer/Library/Frameworks",
					"$(inherited)",
				);
				GCC_PREPROCESSOR_DEFINITIONS = (
					"DEBUG=1",
					"$(inherited)",
				);
				INFOPLIST_FILE = droneControlTests/Info.plist;
				LD_RUNPATH_SEARCH_PATHS = "$(inherited) @executable_path/Frameworks @loader_path/Frameworks";
				PRODUCT_NAME = "$(TARGET_NAME)";
				TEST_HOST = "$(BUILT_PRODUCTS_DIR)/droneControl.app/droneControl";
			};
			name = Debug;
		};
		A6F4EF4C1AAD17D500C81065 /* Release */ = {
			isa = XCBuildConfiguration;
			buildSettings = {
				BUNDLE_LOADER = "$(TEST_HOST)";
				FRAMEWORK_SEARCH_PATHS = (
					"$(SDKROOT)/Developer/Library/Frameworks",
					"$(inherited)",
				);
				INFOPLIST_FILE = droneControlTests/Info.plist;
				LD_RUNPATH_SEARCH_PATHS = "$(inherited) @executable_path/Frameworks @loader_path/Frameworks";
				PRODUCT_NAME = "$(TARGET_NAME)";
				TEST_HOST = "$(BUILT_PRODUCTS_DIR)/droneControl.app/droneControl";
			};
			name = Release;
		};
/* End XCBuildConfiguration section */

/* Begin XCConfigurationList section */
		A6F4EF1F1AAD17D500C81065 /* Build configuration list for PBXProject "droneControl" */ = {
			isa = XCConfigurationList;
			buildConfigurations = (
				A6F4EF451AAD17D500C81065 /* Debug */,
				A6F4EF461AAD17D500C81065 /* Release */,
			);
			defaultConfigurationIsVisible = 0;
			defaultConfigurationName = Release;
		};
		A6F4EF471AAD17D500C81065 /* Build configuration list for PBXNativeTarget "droneControl" */ = {
			isa = XCConfigurationList;
			buildConfigurations = (
				A6F4EF481AAD17D500C81065 /* Debug */,
				A6F4EF491AAD17D500C81065 /* Release */,
			);
			defaultConfigurationIsVisible = 0;
		};
		A6F4EF4A1AAD17D500C81065 /* Build configuration list for PBXNativeTarget "droneControlTests" */ = {
			isa = XCConfigurationList;
			buildConfigurations = (
				A6F4EF4B1AAD17D500C81065 /* Debug */,
				A6F4EF4C1AAD17D500C81065 /* Release */,
			);
			defaultConfigurationIsVisible = 0;
		};
/* End XCConfigurationList section */
	};
	rootObject = A6F4EF1C1AAD17D500C81065 /* Project object */;
}
